// !$*UTF8*$!
{
	archiveVersion = 1;
	classes = {
	};
	objectVersion = 46;
	objects = {

/* Begin PBXBuildFile section */
		2C4AFA7746AE3CA7E9DB8F80 /* Pods_The_UmpireTests.framework in Frameworks */ = {isa = PBXBuildFile; fileRef = B743793C11F83925E1445535 /* Pods_The_UmpireTests.framework */; };
		5E2667161E70886E008D59AF /* TeamSelectViewController.swift in Sources */ = {isa = PBXBuildFile; fileRef = 5E2667151E70886E008D59AF /* TeamSelectViewController.swift */; };
		5E4439D11E71BEC20035287E /* PlayerStatsViewController.swift in Sources */ = {isa = PBXBuildFile; fileRef = 5E4439D01E71BEC20035287E /* PlayerStatsViewController.swift */; };
		5EAB9CF61E64AE2100F57FFD /* TeamDataSegueViewController.swift in Sources */ = {isa = PBXBuildFile; fileRef = 5EAB9CF51E64AE2100F57FFD /* TeamDataSegueViewController.swift */; };
		9D841D7BFC9F785DA7BE0498 /* Pods_The_UmpireUITests.framework in Frameworks */ = {isa = PBXBuildFile; fileRef = BF9A96CC96D9361973B5866A /* Pods_The_UmpireUITests.framework */; };
		AE84E697B2226C0E3A93D0F6 /* Pods_The_Umpire.framework in Frameworks */ = {isa = PBXBuildFile; fileRef = 9DAD4878C784FE7E7A8BEE42 /* Pods_The_Umpire.framework */; };
		DB1DCF5A1E52850F00CE1143 /* Age-TeamDataSelectViewController.swift in Sources */ = {isa = PBXBuildFile; fileRef = DB1DCF591E52850F00CE1143 /* Age-TeamDataSelectViewController.swift */; };
		DBEBF7941DF0BAC0003CF098 /* AppDelegate.swift in Sources */ = {isa = PBXBuildFile; fileRef = DBEBF7931DF0BAC0003CF098 /* AppDelegate.swift */; };
		DBEBF7961DF0BAC0003CF098 /* ViewController.swift in Sources */ = {isa = PBXBuildFile; fileRef = DBEBF7951DF0BAC0003CF098 /* ViewController.swift */; };
		DBEBF7991DF0BAC0003CF098 /* Main.storyboard in Resources */ = {isa = PBXBuildFile; fileRef = DBEBF7971DF0BAC0003CF098 /* Main.storyboard */; };
		DBEBF79B1DF0BAC0003CF098 /* Assets.xcassets in Resources */ = {isa = PBXBuildFile; fileRef = DBEBF79A1DF0BAC0003CF098 /* Assets.xcassets */; };
		DBEBF79E1DF0BAC0003CF098 /* LaunchScreen.storyboard in Resources */ = {isa = PBXBuildFile; fileRef = DBEBF79C1DF0BAC0003CF098 /* LaunchScreen.storyboard */; };
		DBEBF7A91DF0BAC0003CF098 /* The_UmpireTests.swift in Sources */ = {isa = PBXBuildFile; fileRef = DBEBF7A81DF0BAC0003CF098 /* The_UmpireTests.swift */; };
		DBEBF7B41DF0BAC0003CF098 /* The_UmpireUITests.swift in Sources */ = {isa = PBXBuildFile; fileRef = DBEBF7B31DF0BAC0003CF098 /* The_UmpireUITests.swift */; };
		DBEBF7C21DF0BAFD003CF098 /* GoogleService-Info.plist in Resources */ = {isa = PBXBuildFile; fileRef = DBEBF7C11DF0BAFD003CF098 /* GoogleService-Info.plist */; };
		DBEBF7C41DF0D239003CF098 /* SignUpViewController.swift in Sources */ = {isa = PBXBuildFile; fileRef = DBEBF7C31DF0D239003CF098 /* SignUpViewController.swift */; };
		DBFD3ECF1E2854B10024DD6D /* b810DataEntryViewController.swift in Sources */ = {isa = PBXBuildFile; fileRef = DBFD3ECE1E2854B10024DD6D /* b810DataEntryViewController.swift */; };
		DBFD3ED11E2854CC0024DD6D /* b1012DataEntryViewController.swift in Sources */ = {isa = PBXBuildFile; fileRef = DBFD3ED01E2854CC0024DD6D /* b1012DataEntryViewController.swift */; };
		DBFD3ED31E2854F40024DD6D /* s810DataEntryViewController.swift in Sources */ = {isa = PBXBuildFile; fileRef = DBFD3ED21E2854F40024DD6D /* s810DataEntryViewController.swift */; };
		DBFD3ED51E2855200024DD6D /* s1012DataEntryViewController.swift in Sources */ = {isa = PBXBuildFile; fileRef = DBFD3ED41E2855200024DD6D /* s1012DataEntryViewController.swift */; };
/* End PBXBuildFile section */

/* Begin PBXContainerItemProxy section */
		DBEBF7A51DF0BAC0003CF098 /* PBXContainerItemProxy */ = {
			isa = PBXContainerItemProxy;
			containerPortal = DBEBF7881DF0BAC0003CF098 /* Project object */;
			proxyType = 1;
			remoteGlobalIDString = DBEBF78F1DF0BAC0003CF098;
			remoteInfo = "The Umpire";
		};
		DBEBF7B01DF0BAC0003CF098 /* PBXContainerItemProxy */ = {
			isa = PBXContainerItemProxy;
			containerPortal = DBEBF7881DF0BAC0003CF098 /* Project object */;
			proxyType = 1;
			remoteGlobalIDString = DBEBF78F1DF0BAC0003CF098;
			remoteInfo = "The Umpire";
		};
/* End PBXContainerItemProxy section */

/* Begin PBXFileReference section */
		2D7CFC3D96BA8F7D6F665565 /* Pods-The UmpireUITests.debug.xcconfig */ = {isa = PBXFileReference; includeInIndex = 1; lastKnownFileType = text.xcconfig; name = "Pods-The UmpireUITests.debug.xcconfig"; path = "Pods/Target Support Files/Pods-The UmpireUITests/Pods-The UmpireUITests.debug.xcconfig"; sourceTree = "<group>"; };
		4AA4B279A195069BF78E312A /* Pods-The UmpireUITests.release.xcconfig */ = {isa = PBXFileReference; includeInIndex = 1; lastKnownFileType = text.xcconfig; name = "Pods-The UmpireUITests.release.xcconfig"; path = "Pods/Target Support Files/Pods-The UmpireUITests/Pods-The UmpireUITests.release.xcconfig"; sourceTree = "<group>"; };
		5E2667151E70886E008D59AF /* TeamSelectViewController.swift */ = {isa = PBXFileReference; fileEncoding = 4; lastKnownFileType = sourcecode.swift; path = TeamSelectViewController.swift; sourceTree = "<group>"; };
		5E4439D01E71BEC20035287E /* PlayerStatsViewController.swift */ = {isa = PBXFileReference; fileEncoding = 4; lastKnownFileType = sourcecode.swift; path = PlayerStatsViewController.swift; sourceTree = "<group>"; };
		5EAB9CF51E64AE2100F57FFD /* TeamDataSegueViewController.swift */ = {isa = PBXFileReference; fileEncoding = 4; lastKnownFileType = sourcecode.swift; path = TeamDataSegueViewController.swift; sourceTree = "<group>"; };
		63E0EA1861921629237BDE4F /* Pods-The Umpire.debug.xcconfig */ = {isa = PBXFileReference; includeInIndex = 1; lastKnownFileType = text.xcconfig; name = "Pods-The Umpire.debug.xcconfig"; path = "Pods/Target Support Files/Pods-The Umpire/Pods-The Umpire.debug.xcconfig"; sourceTree = "<group>"; };
		9DAD4878C784FE7E7A8BEE42 /* Pods_The_Umpire.framework */ = {isa = PBXFileReference; explicitFileType = wrapper.framework; includeInIndex = 0; path = Pods_The_Umpire.framework; sourceTree = BUILT_PRODUCTS_DIR; };
		A34CCD2D978D893E68E5B756 /* Pods-The UmpireTests.release.xcconfig */ = {isa = PBXFileReference; includeInIndex = 1; lastKnownFileType = text.xcconfig; name = "Pods-The UmpireTests.release.xcconfig"; path = "Pods/Target Support Files/Pods-The UmpireTests/Pods-The UmpireTests.release.xcconfig"; sourceTree = "<group>"; };
		B311E486956C1EB21282E352 /* Pods-The UmpireTests.debug.xcconfig */ = {isa = PBXFileReference; includeInIndex = 1; lastKnownFileType = text.xcconfig; name = "Pods-The UmpireTests.debug.xcconfig"; path = "Pods/Target Support Files/Pods-The UmpireTests/Pods-The UmpireTests.debug.xcconfig"; sourceTree = "<group>"; };
		B743793C11F83925E1445535 /* Pods_The_UmpireTests.framework */ = {isa = PBXFileReference; explicitFileType = wrapper.framework; includeInIndex = 0; path = Pods_The_UmpireTests.framework; sourceTree = BUILT_PRODUCTS_DIR; };
		BF9A96CC96D9361973B5866A /* Pods_The_UmpireUITests.framework */ = {isa = PBXFileReference; explicitFileType = wrapper.framework; includeInIndex = 0; path = Pods_The_UmpireUITests.framework; sourceTree = BUILT_PRODUCTS_DIR; };
		DB1DCF591E52850F00CE1143 /* Age-TeamDataSelectViewController.swift */ = {isa = PBXFileReference; fileEncoding = 4; lastKnownFileType = sourcecode.swift; path = "Age-TeamDataSelectViewController.swift"; sourceTree = "<group>"; };
		DBEBF7901DF0BAC0003CF098 /* The Umpire.app */ = {isa = PBXFileReference; explicitFileType = wrapper.application; includeInIndex = 0; path = "The Umpire.app"; sourceTree = BUILT_PRODUCTS_DIR; };
		DBEBF7931DF0BAC0003CF098 /* AppDelegate.swift */ = {isa = PBXFileReference; lastKnownFileType = sourcecode.swift; path = AppDelegate.swift; sourceTree = "<group>"; };
		DBEBF7951DF0BAC0003CF098 /* ViewController.swift */ = {isa = PBXFileReference; lastKnownFileType = sourcecode.swift; path = ViewController.swift; sourceTree = "<group>"; };
		DBEBF7981DF0BAC0003CF098 /* Base */ = {isa = PBXFileReference; lastKnownFileType = file.storyboard; name = Base; path = Base.lproj/Main.storyboard; sourceTree = "<group>"; };
		DBEBF79A1DF0BAC0003CF098 /* Assets.xcassets */ = {isa = PBXFileReference; lastKnownFileType = folder.assetcatalog; path = Assets.xcassets; sourceTree = "<group>"; };
		DBEBF79D1DF0BAC0003CF098 /* Base */ = {isa = PBXFileReference; lastKnownFileType = file.storyboard; name = Base; path = Base.lproj/LaunchScreen.storyboard; sourceTree = "<group>"; };
		DBEBF79F1DF0BAC0003CF098 /* Info.plist */ = {isa = PBXFileReference; lastKnownFileType = text.plist.xml; path = Info.plist; sourceTree = "<group>"; };
		DBEBF7A41DF0BAC0003CF098 /* The UmpireTests.xctest */ = {isa = PBXFileReference; explicitFileType = wrapper.cfbundle; includeInIndex = 0; path = "The UmpireTests.xctest"; sourceTree = BUILT_PRODUCTS_DIR; };
		DBEBF7A81DF0BAC0003CF098 /* The_UmpireTests.swift */ = {isa = PBXFileReference; lastKnownFileType = sourcecode.swift; path = The_UmpireTests.swift; sourceTree = "<group>"; };
		DBEBF7AA1DF0BAC0003CF098 /* Info.plist */ = {isa = PBXFileReference; lastKnownFileType = text.plist.xml; path = Info.plist; sourceTree = "<group>"; };
		DBEBF7AF1DF0BAC0003CF098 /* The UmpireUITests.xctest */ = {isa = PBXFileReference; explicitFileType = wrapper.cfbundle; includeInIndex = 0; path = "The UmpireUITests.xctest"; sourceTree = BUILT_PRODUCTS_DIR; };
		DBEBF7B31DF0BAC0003CF098 /* The_UmpireUITests.swift */ = {isa = PBXFileReference; lastKnownFileType = sourcecode.swift; path = The_UmpireUITests.swift; sourceTree = "<group>"; };
		DBEBF7B51DF0BAC0003CF098 /* Info.plist */ = {isa = PBXFileReference; lastKnownFileType = text.plist.xml; path = Info.plist; sourceTree = "<group>"; };
		DBEBF7C11DF0BAFD003CF098 /* GoogleService-Info.plist */ = {isa = PBXFileReference; fileEncoding = 4; lastKnownFileType = text.plist.xml; path = "GoogleService-Info.plist"; sourceTree = "<group>"; };
		DBEBF7C31DF0D239003CF098 /* SignUpViewController.swift */ = {isa = PBXFileReference; fileEncoding = 4; lastKnownFileType = sourcecode.swift; path = SignUpViewController.swift; sourceTree = "<group>"; };
		DBFD3ECE1E2854B10024DD6D /* b810DataEntryViewController.swift */ = {isa = PBXFileReference; fileEncoding = 4; lastKnownFileType = sourcecode.swift; path = b810DataEntryViewController.swift; sourceTree = "<group>"; };
		DBFD3ED01E2854CC0024DD6D /* b1012DataEntryViewController.swift */ = {isa = PBXFileReference; fileEncoding = 4; lastKnownFileType = sourcecode.swift; path = b1012DataEntryViewController.swift; sourceTree = "<group>"; };
		DBFD3ED21E2854F40024DD6D /* s810DataEntryViewController.swift */ = {isa = PBXFileReference; fileEncoding = 4; lastKnownFileType = sourcecode.swift; path = s810DataEntryViewController.swift; sourceTree = "<group>"; };
		DBFD3ED41E2855200024DD6D /* s1012DataEntryViewController.swift */ = {isa = PBXFileReference; fileEncoding = 4; lastKnownFileType = sourcecode.swift; path = s1012DataEntryViewController.swift; sourceTree = "<group>"; };
		F8C6D987970F5A7355BF862E /* Pods-The Umpire.release.xcconfig */ = {isa = PBXFileReference; includeInIndex = 1; lastKnownFileType = text.xcconfig; name = "Pods-The Umpire.release.xcconfig"; path = "Pods/Target Support Files/Pods-The Umpire/Pods-The Umpire.release.xcconfig"; sourceTree = "<group>"; };
/* End PBXFileReference section */

/* Begin PBXFrameworksBuildPhase section */
		DBEBF78D1DF0BAC0003CF098 /* Frameworks */ = {
			isa = PBXFrameworksBuildPhase;
			buildActionMask = 2147483647;
			files = (
				AE84E697B2226C0E3A93D0F6 /* Pods_The_Umpire.framework in Frameworks */,
			);
			runOnlyForDeploymentPostprocessing = 0;
		};
		DBEBF7A11DF0BAC0003CF098 /* Frameworks */ = {
			isa = PBXFrameworksBuildPhase;
			buildActionMask = 2147483647;
			files = (
				2C4AFA7746AE3CA7E9DB8F80 /* Pods_The_UmpireTests.framework in Frameworks */,
			);
			runOnlyForDeploymentPostprocessing = 0;
		};
		DBEBF7AC1DF0BAC0003CF098 /* Frameworks */ = {
			isa = PBXFrameworksBuildPhase;
			buildActionMask = 2147483647;
			files = (
				9D841D7BFC9F785DA7BE0498 /* Pods_The_UmpireUITests.framework in Frameworks */,
			);
			runOnlyForDeploymentPostprocessing = 0;
		};
/* End PBXFrameworksBuildPhase section */

/* Begin PBXGroup section */
		53BCA81BD652FABD121D43DD /* Frameworks */ = {
			isa = PBXGroup;
			children = (
				9DAD4878C784FE7E7A8BEE42 /* Pods_The_Umpire.framework */,
				B743793C11F83925E1445535 /* Pods_The_UmpireTests.framework */,
				BF9A96CC96D9361973B5866A /* Pods_The_UmpireUITests.framework */,
			);
			name = Frameworks;
			sourceTree = "<group>";
		};
		5DE9813B52FB3F343FC3C0E1 /* Pods */ = {
			isa = PBXGroup;
			children = (
				63E0EA1861921629237BDE4F /* Pods-The Umpire.debug.xcconfig */,
				F8C6D987970F5A7355BF862E /* Pods-The Umpire.release.xcconfig */,
				B311E486956C1EB21282E352 /* Pods-The UmpireTests.debug.xcconfig */,
				A34CCD2D978D893E68E5B756 /* Pods-The UmpireTests.release.xcconfig */,
				2D7CFC3D96BA8F7D6F665565 /* Pods-The UmpireUITests.debug.xcconfig */,
				4AA4B279A195069BF78E312A /* Pods-The UmpireUITests.release.xcconfig */,
			);
			name = Pods;
			sourceTree = "<group>";
		};
		DBEBF7871DF0BAC0003CF098 = {
			isa = PBXGroup;
			children = (
				DBEBF7921DF0BAC0003CF098 /* The Umpire */,
				DBEBF7A71DF0BAC0003CF098 /* The UmpireTests */,
				DBEBF7B21DF0BAC0003CF098 /* The UmpireUITests */,
				DBEBF7911DF0BAC0003CF098 /* Products */,
				5DE9813B52FB3F343FC3C0E1 /* Pods */,
				53BCA81BD652FABD121D43DD /* Frameworks */,
			);
			sourceTree = "<group>";
		};
		DBEBF7911DF0BAC0003CF098 /* Products */ = {
			isa = PBXGroup;
			children = (
				DBEBF7901DF0BAC0003CF098 /* The Umpire.app */,
				DBEBF7A41DF0BAC0003CF098 /* The UmpireTests.xctest */,
				DBEBF7AF1DF0BAC0003CF098 /* The UmpireUITests.xctest */,
			);
			name = Products;
			sourceTree = "<group>";
		};
		DBEBF7921DF0BAC0003CF098 /* The Umpire */ = {
			isa = PBXGroup;
			children = (
				DBEBF7931DF0BAC0003CF098 /* AppDelegate.swift */,
				DBEBF7951DF0BAC0003CF098 /* ViewController.swift */,
				DBEBF7C31DF0D239003CF098 /* SignUpViewController.swift */,
				DB1DCF591E52850F00CE1143 /* Age-TeamDataSelectViewController.swift */,
				DBFD3ECE1E2854B10024DD6D /* b810DataEntryViewController.swift */,
				DBFD3ED01E2854CC0024DD6D /* b1012DataEntryViewController.swift */,
				DBFD3ED21E2854F40024DD6D /* s810DataEntryViewController.swift */,
				DBFD3ED41E2855200024DD6D /* s1012DataEntryViewController.swift */,
				5EAB9CF51E64AE2100F57FFD /* TeamDataSegueViewController.swift */,
				5E2667151E70886E008D59AF /* TeamSelectViewController.swift */,
				5E4439D01E71BEC20035287E /* PlayerStatsViewController.swift */,
				DBEBF7971DF0BAC0003CF098 /* Main.storyboard */,
				DBEBF79A1DF0BAC0003CF098 /* Assets.xcassets */,
				DBEBF79C1DF0BAC0003CF098 /* LaunchScreen.storyboard */,
				DBEBF79F1DF0BAC0003CF098 /* Info.plist */,
				DBEBF7C11DF0BAFD003CF098 /* GoogleService-Info.plist */,
			);
			path = "The Umpire";
			sourceTree = "<group>";
		};
		DBEBF7A71DF0BAC0003CF098 /* The UmpireTests */ = {
			isa = PBXGroup;
			children = (
				DBEBF7A81DF0BAC0003CF098 /* The_UmpireTests.swift */,
				DBEBF7AA1DF0BAC0003CF098 /* Info.plist */,
			);
			path = "The UmpireTests";
			sourceTree = "<group>";
		};
		DBEBF7B21DF0BAC0003CF098 /* The UmpireUITests */ = {
			isa = PBXGroup;
			children = (
				DBEBF7B31DF0BAC0003CF098 /* The_UmpireUITests.swift */,
				DBEBF7B51DF0BAC0003CF098 /* Info.plist */,
			);
			path = "The UmpireUITests";
			sourceTree = "<group>";
		};
/* End PBXGroup section */

/* Begin PBXNativeTarget section */
		DBEBF78F1DF0BAC0003CF098 /* The Umpire */ = {
			isa = PBXNativeTarget;
			buildConfigurationList = DBEBF7B81DF0BAC0003CF098 /* Build configuration list for PBXNativeTarget "The Umpire" */;
			buildPhases = (
				AFDD1E6E93BFD8888ADE4095 /* [CP] Check Pods Manifest.lock */,
				DBEBF78C1DF0BAC0003CF098 /* Sources */,
				DBEBF78D1DF0BAC0003CF098 /* Frameworks */,
				DBEBF78E1DF0BAC0003CF098 /* Resources */,
				14EEAF2CFBB8A85A7C8DAFB4 /* [CP] Embed Pods Frameworks */,
				31F590E8978270339429383A /* [CP] Copy Pods Resources */,
			);
			buildRules = (
			);
			dependencies = (
			);
			name = "The Umpire";
			productName = "The Umpire";
			productReference = DBEBF7901DF0BAC0003CF098 /* The Umpire.app */;
			productType = "com.apple.product-type.application";
		};
		DBEBF7A31DF0BAC0003CF098 /* The UmpireTests */ = {
			isa = PBXNativeTarget;
			buildConfigurationList = DBEBF7BB1DF0BAC0003CF098 /* Build configuration list for PBXNativeTarget "The UmpireTests" */;
			buildPhases = (
				E963BBD51D8DED7C8763C8E6 /* [CP] Check Pods Manifest.lock */,
				DBEBF7A01DF0BAC0003CF098 /* Sources */,
				DBEBF7A11DF0BAC0003CF098 /* Frameworks */,
				DBEBF7A21DF0BAC0003CF098 /* Resources */,
				CAA20547DA76D57A23C3F67A /* [CP] Embed Pods Frameworks */,
				5A07BAA9CE909FD155087130 /* [CP] Copy Pods Resources */,
			);
			buildRules = (
			);
			dependencies = (
				DBEBF7A61DF0BAC0003CF098 /* PBXTargetDependency */,
			);
			name = "The UmpireTests";
			productName = "The UmpireTests";
			productReference = DBEBF7A41DF0BAC0003CF098 /* The UmpireTests.xctest */;
			productType = "com.apple.product-type.bundle.unit-test";
		};
		DBEBF7AE1DF0BAC0003CF098 /* The UmpireUITests */ = {
			isa = PBXNativeTarget;
			buildConfigurationList = DBEBF7BE1DF0BAC0003CF098 /* Build configuration list for PBXNativeTarget "The UmpireUITests" */;
			buildPhases = (
				D5C18FB75B0E52219C7977AC /* [CP] Check Pods Manifest.lock */,
				DBEBF7AB1DF0BAC0003CF098 /* Sources */,
				DBEBF7AC1DF0BAC0003CF098 /* Frameworks */,
				DBEBF7AD1DF0BAC0003CF098 /* Resources */,
				A77ECE818650527AD31513C4 /* [CP] Embed Pods Frameworks */,
				E9573D92262C7B75C3CB55B2 /* [CP] Copy Pods Resources */,
			);
			buildRules = (
			);
			dependencies = (
				DBEBF7B11DF0BAC0003CF098 /* PBXTargetDependency */,
			);
			name = "The UmpireUITests";
			productName = "The UmpireUITests";
			productReference = DBEBF7AF1DF0BAC0003CF098 /* The UmpireUITests.xctest */;
			productType = "com.apple.product-type.bundle.ui-testing";
		};
/* End PBXNativeTarget section */

/* Begin PBXProject section */
		DBEBF7881DF0BAC0003CF098 /* Project object */ = {
			isa = PBXProject;
			attributes = {
				LastSwiftUpdateCheck = 0810;
				LastUpgradeCheck = 0820;
				ORGANIZATIONNAME = "PineTree Studios";
				TargetAttributes = {
					DBEBF78F1DF0BAC0003CF098 = {
						CreatedOnToolsVersion = 8.1;
						DevelopmentTeam = 6E2D64GGFH;
						ProvisioningStyle = Automatic;
					};
					DBEBF7A31DF0BAC0003CF098 = {
						CreatedOnToolsVersion = 8.1;
						DevelopmentTeam = 6E2D64GGFH;
						ProvisioningStyle = Automatic;
						TestTargetID = DBEBF78F1DF0BAC0003CF098;
					};
					DBEBF7AE1DF0BAC0003CF098 = {
						CreatedOnToolsVersion = 8.1;
						DevelopmentTeam = 6E2D64GGFH;
						ProvisioningStyle = Automatic;
						TestTargetID = DBEBF78F1DF0BAC0003CF098;
					};
				};
			};
			buildConfigurationList = DBEBF78B1DF0BAC0003CF098 /* Build configuration list for PBXProject "The Umpire" */;
			compatibilityVersion = "Xcode 3.2";
			developmentRegion = English;
			hasScannedForEncodings = 0;
			knownRegions = (
				en,
				Base,
			);
			mainGroup = DBEBF7871DF0BAC0003CF098;
			productRefGroup = DBEBF7911DF0BAC0003CF098 /* Products */;
			projectDirPath = "";
			projectRoot = "";
			targets = (
				DBEBF78F1DF0BAC0003CF098 /* The Umpire */,
				DBEBF7A31DF0BAC0003CF098 /* The UmpireTests */,
				DBEBF7AE1DF0BAC0003CF098 /* The UmpireUITests */,
			);
		};
/* End PBXProject section */

/* Begin PBXResourcesBuildPhase section */
		DBEBF78E1DF0BAC0003CF098 /* Resources */ = {
			isa = PBXResourcesBuildPhase;
			buildActionMask = 2147483647;
			files = (
				DBEBF79E1DF0BAC0003CF098 /* LaunchScreen.storyboard in Resources */,
				DBEBF7C21DF0BAFD003CF098 /* GoogleService-Info.plist in Resources */,
				DBEBF79B1DF0BAC0003CF098 /* Assets.xcassets in Resources */,
				DBEBF7991DF0BAC0003CF098 /* Main.storyboard in Resources */,
			);
			runOnlyForDeploymentPostprocessing = 0;
		};
		DBEBF7A21DF0BAC0003CF098 /* Resources */ = {
			isa = PBXResourcesBuildPhase;
			buildActionMask = 2147483647;
			files = (
			);
			runOnlyForDeploymentPostprocessing = 0;
		};
		DBEBF7AD1DF0BAC0003CF098 /* Resources */ = {
			isa = PBXResourcesBuildPhase;
			buildActionMask = 2147483647;
			files = (
			);
			runOnlyForDeploymentPostprocessing = 0;
		};
/* End PBXResourcesBuildPhase section */

/* Begin PBXShellScriptBuildPhase section */
		14EEAF2CFBB8A85A7C8DAFB4 /* [CP] Embed Pods Frameworks */ = {
			isa = PBXShellScriptBuildPhase;
			buildActionMask = 2147483647;
			files = (
			);
			inputPaths = (
			);
			name = "[CP] Embed Pods Frameworks";
			outputPaths = (
			);
			runOnlyForDeploymentPostprocessing = 0;
			shellPath = /bin/sh;
			shellScript = "\"${SRCROOT}/Pods/Target Support Files/Pods-The Umpire/Pods-The Umpire-frameworks.sh\"\n";
			showEnvVarsInLog = 0;
		};
		31F590E8978270339429383A /* [CP] Copy Pods Resources */ = {
			isa = PBXShellScriptBuildPhase;
			buildActionMask = 2147483647;
			files = (
			);
			inputPaths = (
			);
			name = "[CP] Copy Pods Resources";
			outputPaths = (
			);
			runOnlyForDeploymentPostprocessing = 0;
			shellPath = /bin/sh;
			shellScript = "\"${SRCROOT}/Pods/Target Support Files/Pods-The Umpire/Pods-The Umpire-resources.sh\"\n";
			showEnvVarsInLog = 0;
		};
		5A07BAA9CE909FD155087130 /* [CP] Copy Pods Resources */ = {
			isa = PBXShellScriptBuildPhase;
			buildActionMask = 2147483647;
			files = (
			);
			inputPaths = (
			);
			name = "[CP] Copy Pods Resources";
			outputPaths = (
			);
			runOnlyForDeploymentPostprocessing = 0;
			shellPath = /bin/sh;
			shellScript = "\"${SRCROOT}/Pods/Target Support Files/Pods-The UmpireTests/Pods-The UmpireTests-resources.sh\"\n";
			showEnvVarsInLog = 0;
		};
		A77ECE818650527AD31513C4 /* [CP] Embed Pods Frameworks */ = {
			isa = PBXShellScriptBuildPhase;
			buildActionMask = 2147483647;
			files = (
			);
			inputPaths = (
			);
			name = "[CP] Embed Pods Frameworks";
			outputPaths = (
			);
			runOnlyForDeploymentPostprocessing = 0;
			shellPath = /bin/sh;
			shellScript = "\"${SRCROOT}/Pods/Target Support Files/Pods-The UmpireUITests/Pods-The UmpireUITests-frameworks.sh\"\n";
			showEnvVarsInLog = 0;
		};
		AFDD1E6E93BFD8888ADE4095 /* [CP] Check Pods Manifest.lock */ = {
			isa = PBXShellScriptBuildPhase;
			buildActionMask = 2147483647;
			files = (
			);
			inputPaths = (
			);
			name = "[CP] Check Pods Manifest.lock";
			outputPaths = (
			);
			runOnlyForDeploymentPostprocessing = 0;
			shellPath = /bin/sh;
			shellScript = "diff \"${PODS_ROOT}/../Podfile.lock\" \"${PODS_ROOT}/Manifest.lock\" > /dev/null\nif [ $? != 0 ] ; then\n    # print error to STDERR\n    echo \"error: The sandbox is not in sync with the Podfile.lock. Run 'pod install' or update your CocoaPods installation.\" >&2\n    exit 1\nfi\n";
			showEnvVarsInLog = 0;
		};
		CAA20547DA76D57A23C3F67A /* [CP] Embed Pods Frameworks */ = {
			isa = PBXShellScriptBuildPhase;
			buildActionMask = 2147483647;
			files = (
			);
			inputPaths = (
			);
			name = "[CP] Embed Pods Frameworks";
			outputPaths = (
			);
			runOnlyForDeploymentPostprocessing = 0;
			shellPath = /bin/sh;
			shellScript = "\"${SRCROOT}/Pods/Target Support Files/Pods-The UmpireTests/Pods-The UmpireTests-frameworks.sh\"\n";
			showEnvVarsInLog = 0;
		};
		D5C18FB75B0E52219C7977AC /* [CP] Check Pods Manifest.lock */ = {
			isa = PBXShellScriptBuildPhase;
			buildActionMask = 2147483647;
			files = (
			);
			inputPaths = (
			);
			name = "[CP] Check Pods Manifest.lock";
			outputPaths = (
			);
			runOnlyForDeploymentPostprocessing = 0;
			shellPath = /bin/sh;
			shellScript = "diff \"${PODS_ROOT}/../Podfile.lock\" \"${PODS_ROOT}/Manifest.lock\" > /dev/null\nif [ $? != 0 ] ; then\n    # print error to STDERR\n    echo \"error: The sandbox is not in sync with the Podfile.lock. Run 'pod install' or update your CocoaPods installation.\" >&2\n    exit 1\nfi\n";
			showEnvVarsInLog = 0;
		};
		E9573D92262C7B75C3CB55B2 /* [CP] Copy Pods Resources */ = {
			isa = PBXShellScriptBuildPhase;
			buildActionMask = 2147483647;
			files = (
			);
			inputPaths = (
			);
			name = "[CP] Copy Pods Resources";
			outputPaths = (
			);
			runOnlyForDeploymentPostprocessing = 0;
			shellPath = /bin/sh;
			shellScript = "\"${SRCROOT}/Pods/Target Support Files/Pods-The UmpireUITests/Pods-The UmpireUITests-resources.sh\"\n";
			showEnvVarsInLog = 0;
		};
		E963BBD51D8DED7C8763C8E6 /* [CP] Check Pods Manifest.lock */ = {
			isa = PBXShellScriptBuildPhase;
			buildActionMask = 2147483647;
			files = (
			);
			inputPaths = (
			);
			name = "[CP] Check Pods Manifest.lock";
			outputPaths = (
			);
			runOnlyForDeploymentPostprocessing = 0;
			shellPath = /bin/sh;
			shellScript = "diff \"${PODS_ROOT}/../Podfile.lock\" \"${PODS_ROOT}/Manifest.lock\" > /dev/null\nif [ $? != 0 ] ; then\n    # print error to STDERR\n    echo \"error: The sandbox is not in sync with the Podfile.lock. Run 'pod install' or update your CocoaPods installation.\" >&2\n    exit 1\nfi\n";
			showEnvVarsInLog = 0;
		};
/* End PBXShellScriptBuildPhase section */

/* Begin PBXSourcesBuildPhase section */
		DBEBF78C1DF0BAC0003CF098 /* Sources */ = {
			isa = PBXSourcesBuildPhase;
			buildActionMask = 2147483647;
			files = (
				5E4439D11E71BEC20035287E /* PlayerStatsViewController.swift in Sources */,
				DBEBF7C41DF0D239003CF098 /* SignUpViewController.swift in Sources */,
				DBFD3ECF1E2854B10024DD6D /* b810DataEntryViewController.swift in Sources */,
				5E2667161E70886E008D59AF /* TeamSelectViewController.swift in Sources */,
				DBFD3ED51E2855200024DD6D /* s1012DataEntryViewController.swift in Sources */,
				5EAB9CF61E64AE2100F57FFD /* TeamDataSegueViewController.swift in Sources */,
				DB1DCF5A1E52850F00CE1143 /* Age-TeamDataSelectViewController.swift in Sources */,
				DBEBF7961DF0BAC0003CF098 /* ViewController.swift in Sources */,
				DBFD3ED31E2854F40024DD6D /* s810DataEntryViewController.swift in Sources */,
				DBFD3ED11E2854CC0024DD6D /* b1012DataEntryViewController.swift in Sources */,
				DBEBF7941DF0BAC0003CF098 /* AppDelegate.swift in Sources */,
			);
			runOnlyForDeploymentPostprocessing = 0;
		};
		DBEBF7A01DF0BAC0003CF098 /* Sources */ = {
			isa = PBXSourcesBuildPhase;
			buildActionMask = 2147483647;
			files = (
				DBEBF7A91DF0BAC0003CF098 /* The_UmpireTests.swift in Sources */,
			);
			runOnlyForDeploymentPostprocessing = 0;
		};
		DBEBF7AB1DF0BAC0003CF098 /* Sources */ = {
			isa = PBXSourcesBuildPhase;
			buildActionMask = 2147483647;
			files = (
				DBEBF7B41DF0BAC0003CF098 /* The_UmpireUITests.swift in Sources */,
			);
			runOnlyForDeploymentPostprocessing = 0;
		};
/* End PBXSourcesBuildPhase section */

/* Begin PBXTargetDependency section */
		DBEBF7A61DF0BAC0003CF098 /* PBXTargetDependency */ = {
			isa = PBXTargetDependency;
			target = DBEBF78F1DF0BAC0003CF098 /* The Umpire */;
			targetProxy = DBEBF7A51DF0BAC0003CF098 /* PBXContainerItemProxy */;
		};
		DBEBF7B11DF0BAC0003CF098 /* PBXTargetDependency */ = {
			isa = PBXTargetDependency;
			target = DBEBF78F1DF0BAC0003CF098 /* The Umpire */;
			targetProxy = DBEBF7B01DF0BAC0003CF098 /* PBXContainerItemProxy */;
		};
/* End PBXTargetDependency section */

/* Begin PBXVariantGroup section */
		DBEBF7971DF0BAC0003CF098 /* Main.storyboard */ = {
			isa = PBXVariantGroup;
			children = (
				DBEBF7981DF0BAC0003CF098 /* Base */,
			);
			name = Main.storyboard;
			sourceTree = "<group>";
		};
		DBEBF79C1DF0BAC0003CF098 /* LaunchScreen.storyboard */ = {
			isa = PBXVariantGroup;
			children = (
				DBEBF79D1DF0BAC0003CF098 /* Base */,
			);
			name = LaunchScreen.storyboard;
			sourceTree = "<group>";
		};
/* End PBXVariantGroup section */

/* Begin XCBuildConfiguration section */
		DBEBF7B61DF0BAC0003CF098 /* Debug */ = {
			isa = XCBuildConfiguration;
			buildSettings = {
				ALWAYS_SEARCH_USER_PATHS = NO;
				CLANG_ANALYZER_NONNULL = YES;
				CLANG_CXX_LANGUAGE_STANDARD = "gnu++0x";
				CLANG_CXX_LIBRARY = "libc++";
				CLANG_ENABLE_MODULES = YES;
				CLANG_ENABLE_OBJC_ARC = YES;
				CLANG_WARN_BOOL_CONVERSION = YES;
				CLANG_WARN_CONSTANT_CONVERSION = YES;
				CLANG_WARN_DIRECT_OBJC_ISA_USAGE = YES_ERROR;
				CLANG_WARN_DOCUMENTATION_COMMENTS = YES;
				CLANG_WARN_EMPTY_BODY = YES;
				CLANG_WARN_ENUM_CONVERSION = YES;
				CLANG_WARN_INFINITE_RECURSION = YES;
				CLANG_WARN_INT_CONVERSION = YES;
				CLANG_WARN_OBJC_ROOT_CLASS = YES_ERROR;
				CLANG_WARN_SUSPICIOUS_MOVE = YES;
				CLANG_WARN_SUSPICIOUS_MOVES = YES;
				CLANG_WARN_UNREACHABLE_CODE = YES;
				CLANG_WARN__DUPLICATE_METHOD_MATCH = YES;
				"CODE_SIGN_IDENTITY[sdk=iphoneos*]" = "iPhone Developer";
				COPY_PHASE_STRIP = NO;
				DEBUG_INFORMATION_FORMAT = dwarf;
				ENABLE_STRICT_OBJC_MSGSEND = YES;
				ENABLE_TESTABILITY = YES;
				GCC_C_LANGUAGE_STANDARD = gnu99;
				GCC_DYNAMIC_NO_PIC = NO;
				GCC_NO_COMMON_BLOCKS = YES;
				GCC_OPTIMIZATION_LEVEL = 0;
				GCC_PREPROCESSOR_DEFINITIONS = (
					"DEBUG=1",
					"$(inherited)",
				);
				GCC_WARN_64_TO_32_BIT_CONVERSION = YES;
				GCC_WARN_ABOUT_RETURN_TYPE = YES_ERROR;
				GCC_WARN_UNDECLARED_SELECTOR = YES;
				GCC_WARN_UNINITIALIZED_AUTOS = YES_AGGRESSIVE;
				GCC_WARN_UNUSED_FUNCTION = YES;
				GCC_WARN_UNUSED_VARIABLE = YES;
				IPHONEOS_DEPLOYMENT_TARGET = 10.1;
				MTL_ENABLE_DEBUG_INFO = YES;
				ONLY_ACTIVE_ARCH = YES;
				SDKROOT = iphoneos;
				SWIFT_ACTIVE_COMPILATION_CONDITIONS = DEBUG;
				SWIFT_OPTIMIZATION_LEVEL = "-Onone";
				TARGETED_DEVICE_FAMILY = "1,2";
			};
			name = Debug;
		};
		DBEBF7B71DF0BAC0003CF098 /* Release */ = {
			isa = XCBuildConfiguration;
			buildSettings = {
				ALWAYS_SEARCH_USER_PATHS = NO;
				CLANG_ANALYZER_NONNULL = YES;
				CLANG_CXX_LANGUAGE_STANDARD = "gnu++0x";
				CLANG_CXX_LIBRARY = "libc++";
				CLANG_ENABLE_MODULES = YES;
				CLANG_ENABLE_OBJC_ARC = YES;
				CLANG_WARN_BOOL_CONVERSION = YES;
				CLANG_WARN_CONSTANT_CONVERSION = YES;
				CLANG_WARN_DIRECT_OBJC_ISA_USAGE = YES_ERROR;
				CLANG_WARN_DOCUMENTATION_COMMENTS = YES;
				CLANG_WARN_EMPTY_BODY = YES;
				CLANG_WARN_ENUM_CONVERSION = YES;
				CLANG_WARN_INFINITE_RECURSION = YES;
				CLANG_WARN_INT_CONVERSION = YES;
				CLANG_WARN_OBJC_ROOT_CLASS = YES_ERROR;
				CLANG_WARN_SUSPICIOUS_MOVE = YES;
				CLANG_WARN_SUSPICIOUS_MOVES = YES;
				CLANG_WARN_UNREACHABLE_CODE = YES;
				CLANG_WARN__DUPLICATE_METHOD_MATCH = YES;
				"CODE_SIGN_IDENTITY[sdk=iphoneos*]" = "iPhone Developer";
				COPY_PHASE_STRIP = NO;
				DEBUG_INFORMATION_FORMAT = "dwarf-with-dsym";
				ENABLE_NS_ASSERTIONS = NO;
				ENABLE_STRICT_OBJC_MSGSEND = YES;
				GCC_C_LANGUAGE_STANDARD = gnu99;
				GCC_NO_COMMON_BLOCKS = YES;
				GCC_WARN_64_TO_32_BIT_CONVERSION = YES;
				GCC_WARN_ABOUT_RETURN_TYPE = YES_ERROR;
				GCC_WARN_UNDECLARED_SELECTOR = YES;
				GCC_WARN_UNINITIALIZED_AUTOS = YES_AGGRESSIVE;
				GCC_WARN_UNUSED_FUNCTION = YES;
				GCC_WARN_UNUSED_VARIABLE = YES;
				IPHONEOS_DEPLOYMENT_TARGET = 10.1;
				MTL_ENABLE_DEBUG_INFO = NO;
				SDKROOT = iphoneos;
				SWIFT_OPTIMIZATION_LEVEL = "-Owholemodule";
				TARGETED_DEVICE_FAMILY = "1,2";
				VALIDATE_PRODUCT = YES;
			};
			name = Release;
		};
		DBEBF7B91DF0BAC0003CF098 /* Debug */ = {
			isa = XCBuildConfiguration;
			baseConfigurationReference = 63E0EA1861921629237BDE4F /* Pods-The Umpire.debug.xcconfig */;
			buildSettings = {
				ASSETCATALOG_COMPILER_APPICON_NAME = AppIcon;
				DEVELOPMENT_TEAM = 6E2D64GGFH;
				INFOPLIST_FILE = "The Umpire/Info.plist";
				IPHONEOS_DEPLOYMENT_TARGET = 10.0;
				LD_RUNPATH_SEARCH_PATHS = "$(inherited) @executable_path/Frameworks";
				PRODUCT_BUNDLE_IDENTIFIER = "io.pinetreestudios.branson.The-Umpire";
				PRODUCT_NAME = "$(TARGET_NAME)";
				SWIFT_VERSION = 3.0;
			};
			name = Debug;
		};
		DBEBF7BA1DF0BAC0003CF098 /* Release */ = {
			isa = XCBuildConfiguration;
			baseConfigurationReference = F8C6D987970F5A7355BF862E /* Pods-The Umpire.release.xcconfig */;
			buildSettings = {
				ASSETCATALOG_COMPILER_APPICON_NAME = AppIcon;
				DEVELOPMENT_TEAM = 6E2D64GGFH;
				INFOPLIST_FILE = "The Umpire/Info.plist";
				IPHONEOS_DEPLOYMENT_TARGET = 10.0;
				LD_RUNPATH_SEARCH_PATHS = "$(inherited) @executable_path/Frameworks";
				PRODUCT_BUNDLE_IDENTIFIER = "io.pinetreestudios.branson.The-Umpire";
				PRODUCT_NAME = "$(TARGET_NAME)";
				SWIFT_VERSION = 3.0;
			};
			name = Release;
		};
		DBEBF7BC1DF0BAC0003CF098 /* Debug */ = {
			isa = XCBuildConfiguration;
			baseConfigurationReference = B311E486956C1EB21282E352 /* Pods-The UmpireTests.debug.xcconfig */;
			buildSettings = {
				ALWAYS_EMBED_SWIFT_STANDARD_LIBRARIES = YES;
				BUNDLE_LOADER = "$(TEST_HOST)";
				DEVELOPMENT_TEAM = 6E2D64GGFH;
				INFOPLIST_FILE = "The UmpireTests/Info.plist";
				LD_RUNPATH_SEARCH_PATHS = "$(inherited) @executable_path/Frameworks @loader_path/Frameworks";
				PRODUCT_BUNDLE_IDENTIFIER = "io.pinetreestudios.branson.The-UmpireTests";
				PRODUCT_NAME = "$(TARGET_NAME)";
				SWIFT_VERSION = 3.0;
				TEST_HOST = "$(BUILT_PRODUCTS_DIR)/The Umpire.app/The Umpire";
			};
			name = Debug;
		};
		DBEBF7BD1DF0BAC0003CF098 /* Release */ = {
			isa = XCBuildConfiguration;
			baseConfigurationReference = A34CCD2D978D893E68E5B756 /* Pods-The UmpireTests.release.xcconfig */;
			buildSettings = {
				ALWAYS_EMBED_SWIFT_STANDARD_LIBRARIES = YES;
				BUNDLE_LOADER = "$(TEST_HOST)";
				DEVELOPMENT_TEAM = 6E2D64GGFH;
				INFOPLIST_FILE = "The UmpireTests/Info.plist";
				LD_RUNPATH_SEARCH_PATHS = "$(inherited) @executable_path/Frameworks @loader_path/Frameworks";
				PRODUCT_BUNDLE_IDENTIFIER = "io.pinetreestudios.branson.The-UmpireTests";
				PRODUCT_NAME = "$(TARGET_NAME)";
				SWIFT_VERSION = 3.0;
				TEST_HOST = "$(BUILT_PRODUCTS_DIR)/The Umpire.app/The Umpire";
			};
			name = Release;
		};
		DBEBF7BF1DF0BAC0003CF098 /* Debug */ = {
			isa = XCBuildConfiguration;
			baseConfigurationReference = 2D7CFC3D96BA8F7D6F665565 /* Pods-The UmpireUITests.debug.xcconfig */;
			buildSettings = {
				ALWAYS_EMBED_SWIFT_STANDARD_LIBRARIES = YES;
				DEVELOPMENT_TEAM = 6E2D64GGFH;
				INFOPLIST_FILE = "The UmpireUITests/Info.plist";
				LD_RUNPATH_SEARCH_PATHS = "$(inherited) @executable_path/Frameworks @loader_path/Frameworks";
				PRODUCT_BUNDLE_IDENTIFIER = "io.pinetreestudios.branson.The-UmpireUITests";
				PRODUCT_NAME = "$(TARGET_NAME)";
				SWIFT_VERSION = 3.0;
				TEST_TARGET_NAME = "The Umpire";
			};
			name = Debug;
		};
		DBEBF7C01DF0BAC0003CF098 /* Release */ = {
			isa = XCBuildConfiguration;
			baseConfigurationReference = 4AA4B279A195069BF78E312A /* Pods-The UmpireUITests.release.xcconfig */;
			buildSettings = {
				ALWAYS_EMBED_SWIFT_STANDARD_LIBRARIES = YES;
				DEVELOPMENT_TEAM = 6E2D64GGFH;
				INFOPLIST_FILE = "The UmpireUITests/Info.plist";
				LD_RUNPATH_SEARCH_PATHS = "$(inherited) @executable_path/Frameworks @loader_path/Frameworks";
				PRODUCT_BUNDLE_IDENTIFIER = "io.pinetreestudios.branson.The-UmpireUITests";
				PRODUCT_NAME = "$(TARGET_NAME)";
				SWIFT_VERSION = 3.0;
				TEST_TARGET_NAME = "The Umpire";
			};
			name = Release;
		};
/* End XCBuildConfiguration section */

/* Begin XCConfigurationList section */
		DBEBF78B1DF0BAC0003CF098 /* Build configuration list for PBXProject "The Umpire" */ = {
			isa = XCConfigurationList;
			buildConfigurations = (
				DBEBF7B61DF0BAC0003CF098 /* Debug */,
				DBEBF7B71DF0BAC0003CF098 /* Release */,
			);
			defaultConfigurationIsVisible = 0;
			defaultConfigurationName = Release;
		};
		DBEBF7B81DF0BAC0003CF098 /* Build configuration list for PBXNativeTarget "The Umpire" */ = {
			isa = XCConfigurationList;
			buildConfigurations = (
				DBEBF7B91DF0BAC0003CF098 /* Debug */,
				DBEBF7BA1DF0BAC0003CF098 /* Release */,
			);
			defaultConfigurationIsVisible = 0;
			defaultConfigurationName = Release;
		};
		DBEBF7BB1DF0BAC0003CF098 /* Build configuration list for PBXNativeTarget "The UmpireTests" */ = {
			isa = XCConfigurationList;
			buildConfigurations = (
				DBEBF7BC1DF0BAC0003CF098 /* Debug */,
				DBEBF7BD1DF0BAC0003CF098 /* Release */,
			);
			defaultConfigurationIsVisible = 0;
			defaultConfigurationName = Release;
		};
		DBEBF7BE1DF0BAC0003CF098 /* Build configuration list for PBXNativeTarget "The UmpireUITests" */ = {
			isa = XCConfigurationList;
			buildConfigurations = (
				DBEBF7BF1DF0BAC0003CF098 /* Debug */,
				DBEBF7C01DF0BAC0003CF098 /* Release */,
			);
			defaultConfigurationIsVisible = 0;
			defaultConfigurationName = Release;
		};
/* End XCConfigurationList section */
	};
	rootObject = DBEBF7881DF0BAC0003CF098 /* Project object */;
}
