// !$*UTF8*$!
{
	archiveVersion = 1;
	classes = {
	};
	objectVersion = 46;
	objects = {

/* Begin PBXBuildFile section */
		1C7E174B7641705D32D077E2 /* Pods_The_Umpire.framework in Frameworks */ = {isa = PBXBuildFile; fileRef = 4C11DFC7C85CAD7373406968 /* Pods_The_Umpire.framework */; };
		5D72C7D41BF123B501C561A5 /* Pods_The_UmpireUITests.framework in Frameworks */ = {isa = PBXBuildFile; fileRef = 6632E712B8ED71FC01E0C784 /* Pods_The_UmpireUITests.framework */; };
		5E2667161E70886E008D59AF /* TeamSelectViewController.swift in Sources */ = {isa = PBXBuildFile; fileRef = 5E2667151E70886E008D59AF /* TeamSelectViewController.swift */; };
		5E4439D11E71BEC20035287E /* PlayerStatsViewController.swift in Sources */ = {isa = PBXBuildFile; fileRef = 5E4439D01E71BEC20035287E /* PlayerStatsViewController.swift */; };
		5E4609F61EAA5E6F00675C8C /* SignupAgeTableViewController.swift in Sources */ = {isa = PBXBuildFile; fileRef = 5E4609F51EAA5E6F00675C8C /* SignupAgeTableViewController.swift */; };
		5E75A3391EA7DBEC00E11CB4 /* RenameTeam1TableViewController.swift in Sources */ = {isa = PBXBuildFile; fileRef = 5E75A3381EA7DBEC00E11CB4 /* RenameTeam1TableViewController.swift */; };
		5E9E2A061E96A761000EC69B /* mainHubViewController.swift in Sources */ = {isa = PBXBuildFile; fileRef = 5E9E2A051E96A761000EC69B /* mainHubViewController.swift */; };
		5EAB9CF61E64AE2100F57FFD /* TeamDataSegueViewController.swift in Sources */ = {isa = PBXBuildFile; fileRef = 5EAB9CF51E64AE2100F57FFD /* TeamDataSegueViewController.swift */; };
		5EB1E9951EA9269400079CA6 /* AddRemoveAgeTableViewController.swift in Sources */ = {isa = PBXBuildFile; fileRef = 5EB1E9941EA9269400079CA6 /* AddRemoveAgeTableViewController.swift */; };
		5EB1E9971EA926F600079CA6 /* AddRemoveTeamTableViewController.swift in Sources */ = {isa = PBXBuildFile; fileRef = 5EB1E9961EA926F600079CA6 /* AddRemoveTeamTableViewController.swift */; };
		5EDABAD91E8C28200045E9C2 /* SignupTeamSelectViewController.swift in Sources */ = {isa = PBXBuildFile; fileRef = 5EDABAD81E8C28200045E9C2 /* SignupTeamSelectViewController.swift */; };
		B39D8B44F780937F9A585780 /* Pods_The_UmpireTests.framework in Frameworks */ = {isa = PBXBuildFile; fileRef = BC23D06F12A913E1F056C963 /* Pods_The_UmpireTests.framework */; };
		DB0935BD1E98885800C6E2AD /* TeamRosterViewController.swift in Sources */ = {isa = PBXBuildFile; fileRef = DB0935BC1E98885800C6E2AD /* TeamRosterViewController.swift */; };
		DB0935BF1E9892B900C6E2AD /* AddRosterViewController.swift in Sources */ = {isa = PBXBuildFile; fileRef = DB0935BE1E9892B900C6E2AD /* AddRosterViewController.swift */; };
		DB0BF1701E86FA9F00F5084D /* LeagueCreationViewController.swift in Sources */ = {isa = PBXBuildFile; fileRef = DB0BF16F1E86FA9F00F5084D /* LeagueCreationViewController.swift */; };
		DB0BF1721E86FAB400F5084D /* TeamNameViewController.swift in Sources */ = {isa = PBXBuildFile; fileRef = DB0BF1711E86FAB400F5084D /* TeamNameViewController.swift */; };
		DB0BF1741E870CA900F5084D /* CompleteLeagueCreationViewController.swift in Sources */ = {isa = PBXBuildFile; fileRef = DB0BF1731E870CA900F5084D /* CompleteLeagueCreationViewController.swift */; };
		DB321FE01EA5A21400FF5AFC /* AdminHubViewController.swift in Sources */ = {isa = PBXBuildFile; fileRef = DB321FDF1EA5A21400FF5AFC /* AdminHubViewController.swift */; };
		DB321FE41EA5B5FB00FF5AFC /* AdminTableViewController.swift in Sources */ = {isa = PBXBuildFile; fileRef = DB321FE31EA5B5FB00FF5AFC /* AdminTableViewController.swift */; };
		DB34DE211E89F992007AE2A8 /* TeamAgeGroupCreatorViewController.swift in Sources */ = {isa = PBXBuildFile; fileRef = DB34DE201E89F992007AE2A8 /* TeamAgeGroupCreatorViewController.swift */; };
		DB34DE231E8D66DB007AE2A8 /* RegularTeamSelectViewController.swift in Sources */ = {isa = PBXBuildFile; fileRef = DB34DE221E8D66DB007AE2A8 /* RegularTeamSelectViewController.swift */; };
		DB6966271EAD2E4000F2AFE7 /* CustomStandardButton.swift in Sources */ = {isa = PBXBuildFile; fileRef = DB6966261EAD2E4000F2AFE7 /* CustomStandardButton.swift */; };
		DB69662B1EAD709C00F2AFE7 /* AdminDataEntryAgeTableViewController.swift in Sources */ = {isa = PBXBuildFile; fileRef = DB69662A1EAD709C00F2AFE7 /* AdminDataEntryAgeTableViewController.swift */; };
		DB69662D1EAD734000F2AFE7 /* AdminDataEntryTeamTableViewController.swift in Sources */ = {isa = PBXBuildFile; fileRef = DB69662C1EAD734000F2AFE7 /* AdminDataEntryTeamTableViewController.swift */; };
		DBE6E8AE1EAB8CE70024DEC4 /* RenameTeam2TableViewController.swift in Sources */ = {isa = PBXBuildFile; fileRef = DBE6E8AD1EAB8CE70024DEC4 /* RenameTeam2TableViewController.swift */; };
		DBEBF7941DF0BAC0003CF098 /* AppDelegate.swift in Sources */ = {isa = PBXBuildFile; fileRef = DBEBF7931DF0BAC0003CF098 /* AppDelegate.swift */; };
		DBEBF7961DF0BAC0003CF098 /* ViewController.swift in Sources */ = {isa = PBXBuildFile; fileRef = DBEBF7951DF0BAC0003CF098 /* ViewController.swift */; };
		DBEBF7991DF0BAC0003CF098 /* Main.storyboard in Resources */ = {isa = PBXBuildFile; fileRef = DBEBF7971DF0BAC0003CF098 /* Main.storyboard */; };
		DBEBF79B1DF0BAC0003CF098 /* Assets.xcassets in Resources */ = {isa = PBXBuildFile; fileRef = DBEBF79A1DF0BAC0003CF098 /* Assets.xcassets */; };
		DBEBF79E1DF0BAC0003CF098 /* LaunchScreen.storyboard in Resources */ = {isa = PBXBuildFile; fileRef = DBEBF79C1DF0BAC0003CF098 /* LaunchScreen.storyboard */; };
		DBEBF7A91DF0BAC0003CF098 /* The_UmpireTests.swift in Sources */ = {isa = PBXBuildFile; fileRef = DBEBF7A81DF0BAC0003CF098 /* The_UmpireTests.swift */; };
		DBEBF7B41DF0BAC0003CF098 /* The_UmpireUITests.swift in Sources */ = {isa = PBXBuildFile; fileRef = DBEBF7B31DF0BAC0003CF098 /* The_UmpireUITests.swift */; };
		DBEBF7C21DF0BAFD003CF098 /* GoogleService-Info.plist in Resources */ = {isa = PBXBuildFile; fileRef = DBEBF7C11DF0BAFD003CF098 /* GoogleService-Info.plist */; };
		DBEBF7C41DF0D239003CF098 /* SignUpViewController.swift in Sources */ = {isa = PBXBuildFile; fileRef = DBEBF7C31DF0D239003CF098 /* SignUpViewController.swift */; };
		DBEF39F71EAD90AC00ECCAB8 /* AdminGlobalMessagingViewController.swift in Sources */ = {isa = PBXBuildFile; fileRef = DBEF39F61EAD90AC00ECCAB8 /* AdminGlobalMessagingViewController.swift */; };
		DBEF39F91EAD925F00ECCAB8 /* ViewLeagueAnnouncementsViewController.swift in Sources */ = {isa = PBXBuildFile; fileRef = DBEF39F81EAD925F00ECCAB8 /* ViewLeagueAnnouncementsViewController.swift */; };
		DBFD3ECF1E2854B10024DD6D /* b810DataEntryViewController.swift in Sources */ = {isa = PBXBuildFile; fileRef = DBFD3ECE1E2854B10024DD6D /* b810DataEntryViewController.swift */; };
/* End PBXBuildFile section */

/* Begin PBXContainerItemProxy section */
		DBEBF7A51DF0BAC0003CF098 /* PBXContainerItemProxy */ = {
			isa = PBXContainerItemProxy;
			containerPortal = DBEBF7881DF0BAC0003CF098 /* Project object */;
			proxyType = 1;
			remoteGlobalIDString = DBEBF78F1DF0BAC0003CF098;
			remoteInfo = "The Umpire";
		};
		DBEBF7B01DF0BAC0003CF098 /* PBXContainerItemProxy */ = {
			isa = PBXContainerItemProxy;
			containerPortal = DBEBF7881DF0BAC0003CF098 /* Project object */;
			proxyType = 1;
			remoteGlobalIDString = DBEBF78F1DF0BAC0003CF098;
			remoteInfo = "The Umpire";
		};
/* End PBXContainerItemProxy section */

/* Begin PBXFileReference section */
		4C11DFC7C85CAD7373406968 /* Pods_The_Umpire.framework */ = {isa = PBXFileReference; explicitFileType = wrapper.framework; includeInIndex = 0; path = Pods_The_Umpire.framework; sourceTree = BUILT_PRODUCTS_DIR; };
		5E16D2A81E9557F80063D9E0 /* The Umpire.entitlements */ = {isa = PBXFileReference; lastKnownFileType = text.plist.entitlements; path = "The Umpire.entitlements"; sourceTree = "<group>"; };
		5E2667151E70886E008D59AF /* TeamSelectViewController.swift */ = {isa = PBXFileReference; fileEncoding = 4; lastKnownFileType = sourcecode.swift; path = TeamSelectViewController.swift; sourceTree = "<group>"; };
		5E4439D01E71BEC20035287E /* PlayerStatsViewController.swift */ = {isa = PBXFileReference; fileEncoding = 4; lastKnownFileType = sourcecode.swift; path = PlayerStatsViewController.swift; sourceTree = "<group>"; };
		5E4609F51EAA5E6F00675C8C /* SignupAgeTableViewController.swift */ = {isa = PBXFileReference; fileEncoding = 4; lastKnownFileType = sourcecode.swift; path = SignupAgeTableViewController.swift; sourceTree = "<group>"; };
		5E578C921E97EB9F007763E4 /* SwiftyButton.framework */ = {isa = PBXFileReference; lastKnownFileType = wrapper.framework; name = SwiftyButton.framework; path = "../../Library/Developer/Xcode/DerivedData/The_Umpire-eutuzwhspbqpwvdidaophjlvnwyx/Build/Products/Debug-iphonesimulator/SwiftyButton/SwiftyButton.framework"; sourceTree = "<group>"; };
		5E75A3381EA7DBEC00E11CB4 /* RenameTeam1TableViewController.swift */ = {isa = PBXFileReference; fileEncoding = 4; lastKnownFileType = sourcecode.swift; path = RenameTeam1TableViewController.swift; sourceTree = "<group>"; };
		5E9E2A051E96A761000EC69B /* mainHubViewController.swift */ = {isa = PBXFileReference; fileEncoding = 4; lastKnownFileType = sourcecode.swift; path = mainHubViewController.swift; sourceTree = "<group>"; };
		5EAB9CF51E64AE2100F57FFD /* TeamDataSegueViewController.swift */ = {isa = PBXFileReference; fileEncoding = 4; lastKnownFileType = sourcecode.swift; path = TeamDataSegueViewController.swift; sourceTree = "<group>"; };
		5EB1E9941EA9269400079CA6 /* AddRemoveAgeTableViewController.swift */ = {isa = PBXFileReference; fileEncoding = 4; lastKnownFileType = sourcecode.swift; path = AddRemoveAgeTableViewController.swift; sourceTree = "<group>"; };
		5EB1E9961EA926F600079CA6 /* AddRemoveTeamTableViewController.swift */ = {isa = PBXFileReference; fileEncoding = 4; lastKnownFileType = sourcecode.swift; path = AddRemoveTeamTableViewController.swift; sourceTree = "<group>"; };
		5EDABAD81E8C28200045E9C2 /* SignupTeamSelectViewController.swift */ = {isa = PBXFileReference; fileEncoding = 4; lastKnownFileType = sourcecode.swift; path = SignupTeamSelectViewController.swift; sourceTree = "<group>"; };
		6632E712B8ED71FC01E0C784 /* Pods_The_UmpireUITests.framework */ = {isa = PBXFileReference; explicitFileType = wrapper.framework; includeInIndex = 0; path = Pods_The_UmpireUITests.framework; sourceTree = BUILT_PRODUCTS_DIR; };
		BB44F84B0241A22A1F7DB700 /* Pods-The UmpireTests.debug.xcconfig */ = {isa = PBXFileReference; includeInIndex = 1; lastKnownFileType = text.xcconfig; name = "Pods-The UmpireTests.debug.xcconfig"; path = "Pods/Target Support Files/Pods-The UmpireTests/Pods-The UmpireTests.debug.xcconfig"; sourceTree = "<group>"; };
		BC23D06F12A913E1F056C963 /* Pods_The_UmpireTests.framework */ = {isa = PBXFileReference; explicitFileType = wrapper.framework; includeInIndex = 0; path = Pods_The_UmpireTests.framework; sourceTree = BUILT_PRODUCTS_DIR; };
		BDC75F3928B0542DA7F5D050 /* Pods-The UmpireUITests.debug.xcconfig */ = {isa = PBXFileReference; includeInIndex = 1; lastKnownFileType = text.xcconfig; name = "Pods-The UmpireUITests.debug.xcconfig"; path = "Pods/Target Support Files/Pods-The UmpireUITests/Pods-The UmpireUITests.debug.xcconfig"; sourceTree = "<group>"; };
		C12BEB15EEDCBC7EF0F41F03 /* Pods-The Umpire.debug.xcconfig */ = {isa = PBXFileReference; includeInIndex = 1; lastKnownFileType = text.xcconfig; name = "Pods-The Umpire.debug.xcconfig"; path = "Pods/Target Support Files/Pods-The Umpire/Pods-The Umpire.debug.xcconfig"; sourceTree = "<group>"; };
		D870A9C6D455A80697AA452C /* Pods-The UmpireTests.release.xcconfig */ = {isa = PBXFileReference; includeInIndex = 1; lastKnownFileType = text.xcconfig; name = "Pods-The UmpireTests.release.xcconfig"; path = "Pods/Target Support Files/Pods-The UmpireTests/Pods-The UmpireTests.release.xcconfig"; sourceTree = "<group>"; };
		D91756FFDB31F893DC540CC0 /* Pods-The Umpire.release.xcconfig */ = {isa = PBXFileReference; includeInIndex = 1; lastKnownFileType = text.xcconfig; name = "Pods-The Umpire.release.xcconfig"; path = "Pods/Target Support Files/Pods-The Umpire/Pods-The Umpire.release.xcconfig"; sourceTree = "<group>"; };
		DB0935BC1E98885800C6E2AD /* TeamRosterViewController.swift */ = {isa = PBXFileReference; fileEncoding = 4; lastKnownFileType = sourcecode.swift; path = TeamRosterViewController.swift; sourceTree = "<group>"; };
		DB0935BE1E9892B900C6E2AD /* AddRosterViewController.swift */ = {isa = PBXFileReference; fileEncoding = 4; lastKnownFileType = sourcecode.swift; path = AddRosterViewController.swift; sourceTree = "<group>"; };
		DB0BF16F1E86FA9F00F5084D /* LeagueCreationViewController.swift */ = {isa = PBXFileReference; fileEncoding = 4; lastKnownFileType = sourcecode.swift; path = LeagueCreationViewController.swift; sourceTree = "<group>"; };
		DB0BF1711E86FAB400F5084D /* TeamNameViewController.swift */ = {isa = PBXFileReference; fileEncoding = 4; lastKnownFileType = sourcecode.swift; path = TeamNameViewController.swift; sourceTree = "<group>"; };
		DB0BF1731E870CA900F5084D /* CompleteLeagueCreationViewController.swift */ = {isa = PBXFileReference; fileEncoding = 4; lastKnownFileType = sourcecode.swift; path = CompleteLeagueCreationViewController.swift; sourceTree = "<group>"; };
		DB21C1A31E9C4BE400476BCC /* AKPickerView_Swift.framework */ = {isa = PBXFileReference; lastKnownFileType = wrapper.framework; name = AKPickerView_Swift.framework; path = "Pods/../build/Debug-iphoneos/AKPickerView-Swift/AKPickerView_Swift.framework"; sourceTree = "<group>"; };
		DB321FDF1EA5A21400FF5AFC /* AdminHubViewController.swift */ = {isa = PBXFileReference; fileEncoding = 4; lastKnownFileType = sourcecode.swift; path = AdminHubViewController.swift; sourceTree = "<group>"; };
		DB321FE31EA5B5FB00FF5AFC /* AdminTableViewController.swift */ = {isa = PBXFileReference; fileEncoding = 4; lastKnownFileType = sourcecode.swift; path = AdminTableViewController.swift; sourceTree = "<group>"; };
		DB34DE201E89F992007AE2A8 /* TeamAgeGroupCreatorViewController.swift */ = {isa = PBXFileReference; fileEncoding = 4; lastKnownFileType = sourcecode.swift; path = TeamAgeGroupCreatorViewController.swift; sourceTree = "<group>"; };
		DB34DE221E8D66DB007AE2A8 /* RegularTeamSelectViewController.swift */ = {isa = PBXFileReference; fileEncoding = 4; lastKnownFileType = sourcecode.swift; path = RegularTeamSelectViewController.swift; sourceTree = "<group>"; };
		DB6966261EAD2E4000F2AFE7 /* CustomStandardButton.swift */ = {isa = PBXFileReference; fileEncoding = 4; lastKnownFileType = sourcecode.swift; path = CustomStandardButton.swift; sourceTree = "<group>"; };
		DB69662A1EAD709C00F2AFE7 /* AdminDataEntryAgeTableViewController.swift */ = {isa = PBXFileReference; fileEncoding = 4; lastKnownFileType = sourcecode.swift; path = AdminDataEntryAgeTableViewController.swift; sourceTree = "<group>"; };
		DB69662C1EAD734000F2AFE7 /* AdminDataEntryTeamTableViewController.swift */ = {isa = PBXFileReference; fileEncoding = 4; lastKnownFileType = sourcecode.swift; path = AdminDataEntryTeamTableViewController.swift; sourceTree = "<group>"; };
		DBE6E8AD1EAB8CE70024DEC4 /* RenameTeam2TableViewController.swift */ = {isa = PBXFileReference; fileEncoding = 4; lastKnownFileType = sourcecode.swift; path = RenameTeam2TableViewController.swift; sourceTree = "<group>"; };
		DBEBF7901DF0BAC0003CF098 /* The Umpire.app */ = {isa = PBXFileReference; explicitFileType = wrapper.application; includeInIndex = 0; path = "The Umpire.app"; sourceTree = BUILT_PRODUCTS_DIR; };
		DBEBF7931DF0BAC0003CF098 /* AppDelegate.swift */ = {isa = PBXFileReference; lastKnownFileType = sourcecode.swift; path = AppDelegate.swift; sourceTree = "<group>"; };
		DBEBF7951DF0BAC0003CF098 /* ViewController.swift */ = {isa = PBXFileReference; lastKnownFileType = sourcecode.swift; path = ViewController.swift; sourceTree = "<group>"; };
		DBEBF7981DF0BAC0003CF098 /* Base */ = {isa = PBXFileReference; lastKnownFileType = file.storyboard; name = Base; path = Base.lproj/Main.storyboard; sourceTree = "<group>"; };
		DBEBF79A1DF0BAC0003CF098 /* Assets.xcassets */ = {isa = PBXFileReference; lastKnownFileType = folder.assetcatalog; path = Assets.xcassets; sourceTree = "<group>"; };
		DBEBF79D1DF0BAC0003CF098 /* Base */ = {isa = PBXFileReference; lastKnownFileType = file.storyboard; name = Base; path = Base.lproj/LaunchScreen.storyboard; sourceTree = "<group>"; };
		DBEBF79F1DF0BAC0003CF098 /* Info.plist */ = {isa = PBXFileReference; lastKnownFileType = text.plist.xml; path = Info.plist; sourceTree = "<group>"; };
		DBEBF7A41DF0BAC0003CF098 /* The UmpireTests.xctest */ = {isa = PBXFileReference; explicitFileType = wrapper.cfbundle; includeInIndex = 0; path = "The UmpireTests.xctest"; sourceTree = BUILT_PRODUCTS_DIR; };
		DBEBF7A81DF0BAC0003CF098 /* The_UmpireTests.swift */ = {isa = PBXFileReference; lastKnownFileType = sourcecode.swift; path = The_UmpireTests.swift; sourceTree = "<group>"; };
		DBEBF7AA1DF0BAC0003CF098 /* Info.plist */ = {isa = PBXFileReference; lastKnownFileType = text.plist.xml; path = Info.plist; sourceTree = "<group>"; };
		DBEBF7AF1DF0BAC0003CF098 /* The UmpireUITests.xctest */ = {isa = PBXFileReference; explicitFileType = wrapper.cfbundle; includeInIndex = 0; path = "The UmpireUITests.xctest"; sourceTree = BUILT_PRODUCTS_DIR; };
		DBEBF7B31DF0BAC0003CF098 /* The_UmpireUITests.swift */ = {isa = PBXFileReference; lastKnownFileType = sourcecode.swift; path = The_UmpireUITests.swift; sourceTree = "<group>"; };
		DBEBF7B51DF0BAC0003CF098 /* Info.plist */ = {isa = PBXFileReference; lastKnownFileType = text.plist.xml; path = Info.plist; sourceTree = "<group>"; };
		DBEBF7C11DF0BAFD003CF098 /* GoogleService-Info.plist */ = {isa = PBXFileReference; fileEncoding = 4; lastKnownFileType = text.plist.xml; path = "GoogleService-Info.plist"; sourceTree = "<group>"; };
		DBEBF7C31DF0D239003CF098 /* SignUpViewController.swift */ = {isa = PBXFileReference; fileEncoding = 4; lastKnownFileType = sourcecode.swift; path = SignUpViewController.swift; sourceTree = "<group>"; };
		DBEF39F61EAD90AC00ECCAB8 /* AdminGlobalMessagingViewController.swift */ = {isa = PBXFileReference; fileEncoding = 4; lastKnownFileType = sourcecode.swift; path = AdminGlobalMessagingViewController.swift; sourceTree = "<group>"; };
		DBEF39F81EAD925F00ECCAB8 /* ViewLeagueAnnouncementsViewController.swift */ = {isa = PBXFileReference; fileEncoding = 4; lastKnownFileType = sourcecode.swift; path = ViewLeagueAnnouncementsViewController.swift; sourceTree = "<group>"; };
		DBFD3ECE1E2854B10024DD6D /* b810DataEntryViewController.swift */ = {isa = PBXFileReference; fileEncoding = 4; lastKnownFileType = sourcecode.swift; path = b810DataEntryViewController.swift; sourceTree = "<group>"; };
		DDE3FC1121152D98E1315600 /* Pods-The UmpireUITests.release.xcconfig */ = {isa = PBXFileReference; includeInIndex = 1; lastKnownFileType = text.xcconfig; name = "Pods-The UmpireUITests.release.xcconfig"; path = "Pods/Target Support Files/Pods-The UmpireUITests/Pods-The UmpireUITests.release.xcconfig"; sourceTree = "<group>"; };
/* End PBXFileReference section */

/* Begin PBXFrameworksBuildPhase section */
		DBEBF78D1DF0BAC0003CF098 /* Frameworks */ = {
			isa = PBXFrameworksBuildPhase;
			buildActionMask = 2147483647;
			files = (
				1C7E174B7641705D32D077E2 /* Pods_The_Umpire.framework in Frameworks */,
			);
			runOnlyForDeploymentPostprocessing = 0;
		};
		DBEBF7A11DF0BAC0003CF098 /* Frameworks */ = {
			isa = PBXFrameworksBuildPhase;
			buildActionMask = 2147483647;
			files = (
				B39D8B44F780937F9A585780 /* Pods_The_UmpireTests.framework in Frameworks */,
			);
			runOnlyForDeploymentPostprocessing = 0;
		};
		DBEBF7AC1DF0BAC0003CF098 /* Frameworks */ = {
			isa = PBXFrameworksBuildPhase;
			buildActionMask = 2147483647;
			files = (
				5D72C7D41BF123B501C561A5 /* Pods_The_UmpireUITests.framework in Frameworks */,
			);
			runOnlyForDeploymentPostprocessing = 0;
		};
/* End PBXFrameworksBuildPhase section */

/* Begin PBXGroup section */
		53BCA81BD652FABD121D43DD /* Frameworks */ = {
			isa = PBXGroup;
			children = (
				DB21C1A31E9C4BE400476BCC /* AKPickerView_Swift.framework */,
				5E578C921E97EB9F007763E4 /* SwiftyButton.framework */,
				4C11DFC7C85CAD7373406968 /* Pods_The_Umpire.framework */,
				BC23D06F12A913E1F056C963 /* Pods_The_UmpireTests.framework */,
				6632E712B8ED71FC01E0C784 /* Pods_The_UmpireUITests.framework */,
			);
			name = Frameworks;
			sourceTree = "<group>";
		};
		DB6966251EAD2DDE00F2AFE7 /* IBDesignables */ = {
			isa = PBXGroup;
			children = (
				DB6966261EAD2E4000F2AFE7 /* CustomStandardButton.swift */,
			);
			name = IBDesignables;
			sourceTree = "<group>";
		};
		DBEBF7871DF0BAC0003CF098 = {
			isa = PBXGroup;
			children = (
				DBEBF7921DF0BAC0003CF098 /* The Umpire */,
				DBEBF7A71DF0BAC0003CF098 /* The UmpireTests */,
				DBEBF7B21DF0BAC0003CF098 /* The UmpireUITests */,
				DBEBF7911DF0BAC0003CF098 /* Products */,
				53BCA81BD652FABD121D43DD /* Frameworks */,
				E5D1423676B72A99610699CE /* Pods */,
			);
			sourceTree = "<group>";
		};
		DBEBF7911DF0BAC0003CF098 /* Products */ = {
			isa = PBXGroup;
			children = (
				DBEBF7901DF0BAC0003CF098 /* The Umpire.app */,
				DBEBF7A41DF0BAC0003CF098 /* The UmpireTests.xctest */,
				DBEBF7AF1DF0BAC0003CF098 /* The UmpireUITests.xctest */,
			);
			name = Products;
			sourceTree = "<group>";
		};
		DBEBF7921DF0BAC0003CF098 /* The Umpire */ = {
			isa = PBXGroup;
			children = (
				DB6966251EAD2DDE00F2AFE7 /* IBDesignables */,
				DBEBF7931DF0BAC0003CF098 /* AppDelegate.swift */,
				5E16D2A81E9557F80063D9E0 /* The Umpire.entitlements */,
				DBEBF7951DF0BAC0003CF098 /* ViewController.swift */,
				DBEBF7C31DF0D239003CF098 /* SignUpViewController.swift */,
				DB0BF16F1E86FA9F00F5084D /* LeagueCreationViewController.swift */,
				DB0BF1711E86FAB400F5084D /* TeamNameViewController.swift */,
				DBFD3ECE1E2854B10024DD6D /* b810DataEntryViewController.swift */,
				5EAB9CF51E64AE2100F57FFD /* TeamDataSegueViewController.swift */,
				5E2667151E70886E008D59AF /* TeamSelectViewController.swift */,
				5E4439D01E71BEC20035287E /* PlayerStatsViewController.swift */,
				DB0BF1731E870CA900F5084D /* CompleteLeagueCreationViewController.swift */,
				DB34DE201E89F992007AE2A8 /* TeamAgeGroupCreatorViewController.swift */,
				5EDABAD81E8C28200045E9C2 /* SignupTeamSelectViewController.swift */,
				DB34DE221E8D66DB007AE2A8 /* RegularTeamSelectViewController.swift */,
				5E9E2A051E96A761000EC69B /* mainHubViewController.swift */,
				DB0935BC1E98885800C6E2AD /* TeamRosterViewController.swift */,
				DB0935BE1E9892B900C6E2AD /* AddRosterViewController.swift */,
				DB321FDF1EA5A21400FF5AFC /* AdminHubViewController.swift */,
				DB321FE31EA5B5FB00FF5AFC /* AdminTableViewController.swift */,
				5E75A3381EA7DBEC00E11CB4 /* RenameTeam1TableViewController.swift */,
				DBE6E8AD1EAB8CE70024DEC4 /* RenameTeam2TableViewController.swift */,
				5EB1E9941EA9269400079CA6 /* AddRemoveAgeTableViewController.swift */,
				5EB1E9961EA926F600079CA6 /* AddRemoveTeamTableViewController.swift */,
				5E4609F51EAA5E6F00675C8C /* SignupAgeTableViewController.swift */,
				DB69662A1EAD709C00F2AFE7 /* AdminDataEntryAgeTableViewController.swift */,
				DB69662C1EAD734000F2AFE7 /* AdminDataEntryTeamTableViewController.swift */,
				DBEF39F61EAD90AC00ECCAB8 /* AdminGlobalMessagingViewController.swift */,
				DBEF39F81EAD925F00ECCAB8 /* ViewLeagueAnnouncementsViewController.swift */,
				DBEBF7971DF0BAC0003CF098 /* Main.storyboard */,
				DBEBF79A1DF0BAC0003CF098 /* Assets.xcassets */,
				DBEBF79C1DF0BAC0003CF098 /* LaunchScreen.storyboard */,
				DBEBF79F1DF0BAC0003CF098 /* Info.plist */,
				DBEBF7C11DF0BAFD003CF098 /* GoogleService-Info.plist */,
			);
			path = "The Umpire";
			sourceTree = "<group>";
		};
		DBEBF7A71DF0BAC0003CF098 /* The UmpireTests */ = {
			isa = PBXGroup;
			children = (
				DBEBF7A81DF0BAC0003CF098 /* The_UmpireTests.swift */,
				DBEBF7AA1DF0BAC0003CF098 /* Info.plist */,
			);
			path = "The UmpireTests";
			sourceTree = "<group>";
		};
		DBEBF7B21DF0BAC0003CF098 /* The UmpireUITests */ = {
			isa = PBXGroup;
			children = (
				DBEBF7B31DF0BAC0003CF098 /* The_UmpireUITests.swift */,
				DBEBF7B51DF0BAC0003CF098 /* Info.plist */,
			);
			path = "The UmpireUITests";
			sourceTree = "<group>";
		};
		E5D1423676B72A99610699CE /* Pods */ = {
			isa = PBXGroup;
			children = (
				C12BEB15EEDCBC7EF0F41F03 /* Pods-The Umpire.debug.xcconfig */,
				D91756FFDB31F893DC540CC0 /* Pods-The Umpire.release.xcconfig */,
				BB44F84B0241A22A1F7DB700 /* Pods-The UmpireTests.debug.xcconfig */,
				D870A9C6D455A80697AA452C /* Pods-The UmpireTests.release.xcconfig */,
				BDC75F3928B0542DA7F5D050 /* Pods-The UmpireUITests.debug.xcconfig */,
				DDE3FC1121152D98E1315600 /* Pods-The UmpireUITests.release.xcconfig */,
			);
			name = Pods;
			sourceTree = "<group>";
		};
/* End PBXGroup section */

/* Begin PBXNativeTarget section */
		DBEBF78F1DF0BAC0003CF098 /* The Umpire */ = {
			isa = PBXNativeTarget;
			buildConfigurationList = DBEBF7B81DF0BAC0003CF098 /* Build configuration list for PBXNativeTarget "The Umpire" */;
			buildPhases = (
				425708FD33463753B11A0EBB /* [CP] Check Pods Manifest.lock */,
				DBEBF78C1DF0BAC0003CF098 /* Sources */,
				DBEBF78D1DF0BAC0003CF098 /* Frameworks */,
				DBEBF78E1DF0BAC0003CF098 /* Resources */,
				2B6F2BC21DB18BAE0D7A24D4 /* [CP] Embed Pods Frameworks */,
				B0A5267D31D877F655795BA3 /* [CP] Copy Pods Resources */,
			);
			buildRules = (
			);
			dependencies = (
			);
			name = "The Umpire";
			productName = "The Umpire";
			productReference = DBEBF7901DF0BAC0003CF098 /* The Umpire.app */;
			productType = "com.apple.product-type.application";
		};
		DBEBF7A31DF0BAC0003CF098 /* The UmpireTests */ = {
			isa = PBXNativeTarget;
			buildConfigurationList = DBEBF7BB1DF0BAC0003CF098 /* Build configuration list for PBXNativeTarget "The UmpireTests" */;
			buildPhases = (
				60CEFC53BEA7AB1FB61C5352 /* [CP] Check Pods Manifest.lock */,
				DBEBF7A01DF0BAC0003CF098 /* Sources */,
				DBEBF7A11DF0BAC0003CF098 /* Frameworks */,
				DBEBF7A21DF0BAC0003CF098 /* Resources */,
				444F2E3F371E473CE55CED9A /* [CP] Embed Pods Frameworks */,
				B3121206EA432C47C8B2074A /* [CP] Copy Pods Resources */,
			);
			buildRules = (
			);
			dependencies = (
				DBEBF7A61DF0BAC0003CF098 /* PBXTargetDependency */,
			);
			name = "The UmpireTests";
			productName = "The UmpireTests";
			productReference = DBEBF7A41DF0BAC0003CF098 /* The UmpireTests.xctest */;
			productType = "com.apple.product-type.bundle.unit-test";
		};
		DBEBF7AE1DF0BAC0003CF098 /* The UmpireUITests */ = {
			isa = PBXNativeTarget;
			buildConfigurationList = DBEBF7BE1DF0BAC0003CF098 /* Build configuration list for PBXNativeTarget "The UmpireUITests" */;
			buildPhases = (
				4150BEB08D9937E91AA7A1D6 /* [CP] Check Pods Manifest.lock */,
				DBEBF7AB1DF0BAC0003CF098 /* Sources */,
				DBEBF7AC1DF0BAC0003CF098 /* Frameworks */,
				DBEBF7AD1DF0BAC0003CF098 /* Resources */,
				6B7069FCB61B2178E14AC668 /* [CP] Embed Pods Frameworks */,
				4C65EBEDF4243879582B31C2 /* [CP] Copy Pods Resources */,
			);
			buildRules = (
			);
			dependencies = (
				DBEBF7B11DF0BAC0003CF098 /* PBXTargetDependency */,
			);
			name = "The UmpireUITests";
			productName = "The UmpireUITests";
			productReference = DBEBF7AF1DF0BAC0003CF098 /* The UmpireUITests.xctest */;
			productType = "com.apple.product-type.bundle.ui-testing";
		};
/* End PBXNativeTarget section */

/* Begin PBXProject section */
		DBEBF7881DF0BAC0003CF098 /* Project object */ = {
			isa = PBXProject;
			attributes = {
				LastSwiftUpdateCheck = 0810;
				LastUpgradeCheck = 0820;
				ORGANIZATIONNAME = "PineTree Studios";
				TargetAttributes = {
					DBEBF78F1DF0BAC0003CF098 = {
						CreatedOnToolsVersion = 8.1;
						DevelopmentTeam = 6E2D64GGFH;
						ProvisioningStyle = Automatic;
						SystemCapabilities = {
							com.apple.Push = {
								enabled = 1;
							};
						};
					};
					DBEBF7A31DF0BAC0003CF098 = {
						CreatedOnToolsVersion = 8.1;
						DevelopmentTeam = 6E2D64GGFH;
						ProvisioningStyle = Automatic;
						TestTargetID = DBEBF78F1DF0BAC0003CF098;
					};
					DBEBF7AE1DF0BAC0003CF098 = {
						CreatedOnToolsVersion = 8.1;
						DevelopmentTeam = 6E2D64GGFH;
						ProvisioningStyle = Automatic;
						TestTargetID = DBEBF78F1DF0BAC0003CF098;
					};
				};
			};
			buildConfigurationList = DBEBF78B1DF0BAC0003CF098 /* Build configuration list for PBXProject "The Umpire" */;
			compatibilityVersion = "Xcode 3.2";
			developmentRegion = English;
			hasScannedForEncodings = 0;
			knownRegions = (
				en,
				Base,
			);
			mainGroup = DBEBF7871DF0BAC0003CF098;
			productRefGroup = DBEBF7911DF0BAC0003CF098 /* Products */;
			projectDirPath = "";
			projectRoot = "";
			targets = (
				DBEBF78F1DF0BAC0003CF098 /* The Umpire */,
				DBEBF7A31DF0BAC0003CF098 /* The UmpireTests */,
				DBEBF7AE1DF0BAC0003CF098 /* The UmpireUITests */,
			);
		};
/* End PBXProject section */

/* Begin PBXResourcesBuildPhase section */
		DBEBF78E1DF0BAC0003CF098 /* Resources */ = {
			isa = PBXResourcesBuildPhase;
			buildActionMask = 2147483647;
			files = (
				DBEBF79E1DF0BAC0003CF098 /* LaunchScreen.storyboard in Resources */,
				DBEBF7C21DF0BAFD003CF098 /* GoogleService-Info.plist in Resources */,
				DBEBF79B1DF0BAC0003CF098 /* Assets.xcassets in Resources */,
				DBEBF7991DF0BAC0003CF098 /* Main.storyboard in Resources */,
			);
			runOnlyForDeploymentPostprocessing = 0;
		};
		DBEBF7A21DF0BAC0003CF098 /* Resources */ = {
			isa = PBXResourcesBuildPhase;
			buildActionMask = 2147483647;
			files = (
			);
			runOnlyForDeploymentPostprocessing = 0;
		};
		DBEBF7AD1DF0BAC0003CF098 /* Resources */ = {
			isa = PBXResourcesBuildPhase;
			buildActionMask = 2147483647;
			files = (
			);
			runOnlyForDeploymentPostprocessing = 0;
		};
/* End PBXResourcesBuildPhase section */

/* Begin PBXShellScriptBuildPhase section */
		2B6F2BC21DB18BAE0D7A24D4 /* [CP] Embed Pods Frameworks */ = {
			isa = PBXShellScriptBuildPhase;
			buildActionMask = 2147483647;
			files = (
			);
			inputPaths = (
			);
			name = "[CP] Embed Pods Frameworks";
			outputPaths = (
			);
			runOnlyForDeploymentPostprocessing = 0;
			shellPath = /bin/sh;
			shellScript = "\"${SRCROOT}/Pods/Target Support Files/Pods-The Umpire/Pods-The Umpire-frameworks.sh\"\n";
			showEnvVarsInLog = 0;
		};
		4150BEB08D9937E91AA7A1D6 /* [CP] Check Pods Manifest.lock */ = {
			isa = PBXShellScriptBuildPhase;
			buildActionMask = 2147483647;
			files = (
			);
			inputPaths = (
			);
			name = "[CP] Check Pods Manifest.lock";
			outputPaths = (
			);
			runOnlyForDeploymentPostprocessing = 0;
			shellPath = /bin/sh;
			shellScript = "diff \"${PODS_ROOT}/../Podfile.lock\" \"${PODS_ROOT}/Manifest.lock\" > /dev/null\nif [ $? != 0 ] ; then\n    # print error to STDERR\n    echo \"error: The sandbox is not in sync with the Podfile.lock. Run 'pod install' or update your CocoaPods installation.\" >&2\n    exit 1\nfi\n";
			showEnvVarsInLog = 0;
		};
		425708FD33463753B11A0EBB /* [CP] Check Pods Manifest.lock */ = {
			isa = PBXShellScriptBuildPhase;
			buildActionMask = 2147483647;
			files = (
			);
			inputPaths = (
			);
			name = "[CP] Check Pods Manifest.lock";
			outputPaths = (
			);
			runOnlyForDeploymentPostprocessing = 0;
			shellPath = /bin/sh;
			shellScript = "diff \"${PODS_ROOT}/../Podfile.lock\" \"${PODS_ROOT}/Manifest.lock\" > /dev/null\nif [ $? != 0 ] ; then\n    # print error to STDERR\n    echo \"error: The sandbox is not in sync with the Podfile.lock. Run 'pod install' or update your CocoaPods installation.\" >&2\n    exit 1\nfi\n";
			showEnvVarsInLog = 0;
		};
		444F2E3F371E473CE55CED9A /* [CP] Embed Pods Frameworks */ = {
			isa = PBXShellScriptBuildPhase;
			buildActionMask = 2147483647;
			files = (
			);
			inputPaths = (
			);
			name = "[CP] Embed Pods Frameworks";
			outputPaths = (
			);
			runOnlyForDeploymentPostprocessing = 0;
			shellPath = /bin/sh;
			shellScript = "\"${SRCROOT}/Pods/Target Support Files/Pods-The UmpireTests/Pods-The UmpireTests-frameworks.sh\"\n";
			showEnvVarsInLog = 0;
		};
		4C65EBEDF4243879582B31C2 /* [CP] Copy Pods Resources */ = {
			isa = PBXShellScriptBuildPhase;
			buildActionMask = 2147483647;
			files = (
			);
			inputPaths = (
			);
			name = "[CP] Copy Pods Resources";
			outputPaths = (
			);
			runOnlyForDeploymentPostprocessing = 0;
			shellPath = /bin/sh;
			shellScript = "\"${SRCROOT}/Pods/Target Support Files/Pods-The UmpireUITests/Pods-The UmpireUITests-resources.sh\"\n";
			showEnvVarsInLog = 0;
		};
		60CEFC53BEA7AB1FB61C5352 /* [CP] Check Pods Manifest.lock */ = {
			isa = PBXShellScriptBuildPhase;
			buildActionMask = 2147483647;
			files = (
			);
			inputPaths = (
			);
			name = "[CP] Check Pods Manifest.lock";
			outputPaths = (
			);
			runOnlyForDeploymentPostprocessing = 0;
			shellPath = /bin/sh;
			shellScript = "diff \"${PODS_ROOT}/../Podfile.lock\" \"${PODS_ROOT}/Manifest.lock\" > /dev/null\nif [ $? != 0 ] ; then\n    # print error to STDERR\n    echo \"error: The sandbox is not in sync with the Podfile.lock. Run 'pod install' or update your CocoaPods installation.\" >&2\n    exit 1\nfi\n";
			showEnvVarsInLog = 0;
		};
		6B7069FCB61B2178E14AC668 /* [CP] Embed Pods Frameworks */ = {
			isa = PBXShellScriptBuildPhase;
			buildActionMask = 2147483647;
			files = (
			);
			inputPaths = (
			);
			name = "[CP] Embed Pods Frameworks";
			outputPaths = (
			);
			runOnlyForDeploymentPostprocessing = 0;
			shellPath = /bin/sh;
			shellScript = "\"${SRCROOT}/Pods/Target Support Files/Pods-The UmpireUITests/Pods-The UmpireUITests-frameworks.sh\"\n";
			showEnvVarsInLog = 0;
		};
		B0A5267D31D877F655795BA3 /* [CP] Copy Pods Resources */ = {
			isa = PBXShellScriptBuildPhase;
			buildActionMask = 2147483647;
			files = (
			);
			inputPaths = (
			);
			name = "[CP] Copy Pods Resources";
			outputPaths = (
			);
			runOnlyForDeploymentPostprocessing = 0;
			shellPath = /bin/sh;
			shellScript = "\"${SRCROOT}/Pods/Target Support Files/Pods-The Umpire/Pods-The Umpire-resources.sh\"\n";
			showEnvVarsInLog = 0;
		};
		B3121206EA432C47C8B2074A /* [CP] Copy Pods Resources */ = {
			isa = PBXShellScriptBuildPhase;
			buildActionMask = 2147483647;
			files = (
			);
			inputPaths = (
			);
			name = "[CP] Copy Pods Resources";
			outputPaths = (
			);
			runOnlyForDeploymentPostprocessing = 0;
			shellPath = /bin/sh;
			shellScript = "\"${SRCROOT}/Pods/Target Support Files/Pods-The UmpireTests/Pods-The UmpireTests-resources.sh\"\n";
			showEnvVarsInLog = 0;
		};
/* End PBXShellScriptBuildPhase section */

/* Begin PBXSourcesBuildPhase section */
		DBEBF78C1DF0BAC0003CF098 /* Sources */ = {
			isa = PBXSourcesBuildPhase;
			buildActionMask = 2147483647;
			files = (
				5E4439D11E71BEC20035287E /* PlayerStatsViewController.swift in Sources */,
				DBE6E8AE1EAB8CE70024DEC4 /* RenameTeam2TableViewController.swift in Sources */,
				DBEBF7C41DF0D239003CF098 /* SignUpViewController.swift in Sources */,
				DB321FE41EA5B5FB00FF5AFC /* AdminTableViewController.swift in Sources */,
				DB321FE01EA5A21400FF5AFC /* AdminHubViewController.swift in Sources */,
				DBEF39F71EAD90AC00ECCAB8 /* AdminGlobalMessagingViewController.swift in Sources */,
				DB6966271EAD2E4000F2AFE7 /* CustomStandardButton.swift in Sources */,
				DBFD3ECF1E2854B10024DD6D /* b810DataEntryViewController.swift in Sources */,
				5E2667161E70886E008D59AF /* TeamSelectViewController.swift in Sources */,
				5EDABAD91E8C28200045E9C2 /* SignupTeamSelectViewController.swift in Sources */,
				DB69662D1EAD734000F2AFE7 /* AdminDataEntryTeamTableViewController.swift in Sources */,
				5EB1E9971EA926F600079CA6 /* AddRemoveTeamTableViewController.swift in Sources */,
				DB0BF1741E870CA900F5084D /* CompleteLeagueCreationViewController.swift in Sources */,
				5EAB9CF61E64AE2100F57FFD /* TeamDataSegueViewController.swift in Sources */,
				DB34DE211E89F992007AE2A8 /* TeamAgeGroupCreatorViewController.swift in Sources */,
				DB34DE231E8D66DB007AE2A8 /* RegularTeamSelectViewController.swift in Sources */,
				DB0935BF1E9892B900C6E2AD /* AddRosterViewController.swift in Sources */,
				5E4609F61EAA5E6F00675C8C /* SignupAgeTableViewController.swift in Sources */,
				DB0BF1721E86FAB400F5084D /* TeamNameViewController.swift in Sources */,
				5E9E2A061E96A761000EC69B /* mainHubViewController.swift in Sources */,
				5E75A3391EA7DBEC00E11CB4 /* RenameTeam1TableViewController.swift in Sources */,
				DBEF39F91EAD925F00ECCAB8 /* ViewLeagueAnnouncementsViewController.swift in Sources */,
				DBEBF7961DF0BAC0003CF098 /* ViewController.swift in Sources */,
				DB0BF1701E86FA9F00F5084D /* LeagueCreationViewController.swift in Sources */,
				DB69662B1EAD709C00F2AFE7 /* AdminDataEntryAgeTableViewController.swift in Sources */,
				DB0935BD1E98885800C6E2AD /* TeamRosterViewController.swift in Sources */,
				DBEBF7941DF0BAC0003CF098 /* AppDelegate.swift in Sources */,
				5EB1E9951EA9269400079CA6 /* AddRemoveAgeTableViewController.swift in Sources */,
			);
			runOnlyForDeploymentPostprocessing = 0;
		};
		DBEBF7A01DF0BAC0003CF098 /* Sources */ = {
			isa = PBXSourcesBuildPhase;
			buildActionMask = 2147483647;
			files = (
				DBEBF7A91DF0BAC0003CF098 /* The_UmpireTests.swift in Sources */,
			);
			runOnlyForDeploymentPostprocessing = 0;
		};
		DBEBF7AB1DF0BAC0003CF098 /* Sources */ = {
			isa = PBXSourcesBuildPhase;
			buildActionMask = 2147483647;
			files = (
				DBEBF7B41DF0BAC0003CF098 /* The_UmpireUITests.swift in Sources */,
			);
			runOnlyForDeploymentPostprocessing = 0;
		};
/* End PBXSourcesBuildPhase section */

/* Begin PBXTargetDependency section */
		DBEBF7A61DF0BAC0003CF098 /* PBXTargetDependency */ = {
			isa = PBXTargetDependency;
			target = DBEBF78F1DF0BAC0003CF098 /* The Umpire */;
			targetProxy = DBEBF7A51DF0BAC0003CF098 /* PBXContainerItemProxy */;
		};
		DBEBF7B11DF0BAC0003CF098 /* PBXTargetDependency */ = {
			isa = PBXTargetDependency;
			target = DBEBF78F1DF0BAC0003CF098 /* The Umpire */;
			targetProxy = DBEBF7B01DF0BAC0003CF098 /* PBXContainerItemProxy */;
		};
/* End PBXTargetDependency section */

/* Begin PBXVariantGroup section */
		DBEBF7971DF0BAC0003CF098 /* Main.storyboard */ = {
			isa = PBXVariantGroup;
			children = (
				DBEBF7981DF0BAC0003CF098 /* Base */,
			);
			name = Main.storyboard;
			sourceTree = "<group>";
		};
		DBEBF79C1DF0BAC0003CF098 /* LaunchScreen.storyboard */ = {
			isa = PBXVariantGroup;
			children = (
				DBEBF79D1DF0BAC0003CF098 /* Base */,
			);
			name = LaunchScreen.storyboard;
			sourceTree = "<group>";
		};
/* End PBXVariantGroup section */

/* Begin XCBuildConfiguration section */
		DBEBF7B61DF0BAC0003CF098 /* Debug */ = {
			isa = XCBuildConfiguration;
			buildSettings = {
				ALWAYS_SEARCH_USER_PATHS = NO;
				CLANG_ANALYZER_NONNULL = YES;
				CLANG_CXX_LANGUAGE_STANDARD = "gnu++0x";
				CLANG_CXX_LIBRARY = "libc++";
				CLANG_ENABLE_MODULES = YES;
				CLANG_ENABLE_OBJC_ARC = YES;
				CLANG_WARN_BOOL_CONVERSION = YES;
				CLANG_WARN_CONSTANT_CONVERSION = YES;
				CLANG_WARN_DIRECT_OBJC_ISA_USAGE = YES_ERROR;
				CLANG_WARN_DOCUMENTATION_COMMENTS = YES;
				CLANG_WARN_EMPTY_BODY = YES;
				CLANG_WARN_ENUM_CONVERSION = YES;
				CLANG_WARN_INFINITE_RECURSION = YES;
				CLANG_WARN_INT_CONVERSION = YES;
				CLANG_WARN_OBJC_ROOT_CLASS = YES_ERROR;
				CLANG_WARN_SUSPICIOUS_MOVE = YES;
				CLANG_WARN_SUSPICIOUS_MOVES = YES;
				CLANG_WARN_UNREACHABLE_CODE = YES;
				CLANG_WARN__DUPLICATE_METHOD_MATCH = YES;
				"CODE_SIGN_IDENTITY[sdk=iphoneos*]" = "iPhone Developer";
				COPY_PHASE_STRIP = NO;
				DEBUG_INFORMATION_FORMAT = dwarf;
				ENABLE_STRICT_OBJC_MSGSEND = YES;
				ENABLE_TESTABILITY = YES;
				GCC_C_LANGUAGE_STANDARD = gnu99;
				GCC_DYNAMIC_NO_PIC = NO;
				GCC_NO_COMMON_BLOCKS = YES;
				GCC_OPTIMIZATION_LEVEL = 0;
				GCC_PREPROCESSOR_DEFINITIONS = (
					"DEBUG=1",
					"$(inherited)",
				);
				GCC_WARN_64_TO_32_BIT_CONVERSION = YES;
				GCC_WARN_ABOUT_RETURN_TYPE = YES_ERROR;
				GCC_WARN_UNDECLARED_SELECTOR = YES;
				GCC_WARN_UNINITIALIZED_AUTOS = YES_AGGRESSIVE;
				GCC_WARN_UNUSED_FUNCTION = YES;
				GCC_WARN_UNUSED_VARIABLE = YES;
				IPHONEOS_DEPLOYMENT_TARGET = 10.2;
				MTL_ENABLE_DEBUG_INFO = YES;
				ONLY_ACTIVE_ARCH = YES;
				SDKROOT = iphoneos;
				SWIFT_ACTIVE_COMPILATION_CONDITIONS = DEBUG;
				SWIFT_OPTIMIZATION_LEVEL = "-Onone";
				TARGETED_DEVICE_FAMILY = "1,2";
			};
			name = Debug;
		};
		DBEBF7B71DF0BAC0003CF098 /* Release */ = {
			isa = XCBuildConfiguration;
			buildSettings = {
				ALWAYS_SEARCH_USER_PATHS = NO;
				CLANG_ANALYZER_NONNULL = YES;
				CLANG_CXX_LANGUAGE_STANDARD = "gnu++0x";
				CLANG_CXX_LIBRARY = "libc++";
				CLANG_ENABLE_MODULES = YES;
				CLANG_ENABLE_OBJC_ARC = YES;
				CLANG_WARN_BOOL_CONVERSION = YES;
				CLANG_WARN_CONSTANT_CONVERSION = YES;
				CLANG_WARN_DIRECT_OBJC_ISA_USAGE = YES_ERROR;
				CLANG_WARN_DOCUMENTATION_COMMENTS = YES;
				CLANG_WARN_EMPTY_BODY = YES;
				CLANG_WARN_ENUM_CONVERSION = YES;
				CLANG_WARN_INFINITE_RECURSION = YES;
				CLANG_WARN_INT_CONVERSION = YES;
				CLANG_WARN_OBJC_ROOT_CLASS = YES_ERROR;
				CLANG_WARN_SUSPICIOUS_MOVE = YES;
				CLANG_WARN_SUSPICIOUS_MOVES = YES;
				CLANG_WARN_UNREACHABLE_CODE = YES;
				CLANG_WARN__DUPLICATE_METHOD_MATCH = YES;
				"CODE_SIGN_IDENTITY[sdk=iphoneos*]" = "iPhone Developer";
				COPY_PHASE_STRIP = NO;
				DEBUG_INFORMATION_FORMAT = "dwarf-with-dsym";
				ENABLE_NS_ASSERTIONS = NO;
				ENABLE_STRICT_OBJC_MSGSEND = YES;
				GCC_C_LANGUAGE_STANDARD = gnu99;
				GCC_NO_COMMON_BLOCKS = YES;
				GCC_WARN_64_TO_32_BIT_CONVERSION = YES;
				GCC_WARN_ABOUT_RETURN_TYPE = YES_ERROR;
				GCC_WARN_UNDECLARED_SELECTOR = YES;
				GCC_WARN_UNINITIALIZED_AUTOS = YES_AGGRESSIVE;
				GCC_WARN_UNUSED_FUNCTION = YES;
				GCC_WARN_UNUSED_VARIABLE = YES;
				IPHONEOS_DEPLOYMENT_TARGET = 10.2;
				MTL_ENABLE_DEBUG_INFO = NO;
				SDKROOT = iphoneos;
				SWIFT_OPTIMIZATION_LEVEL = "-Owholemodule";
				TARGETED_DEVICE_FAMILY = "1,2";
				VALIDATE_PRODUCT = YES;
			};
			name = Release;
		};
		DBEBF7B91DF0BAC0003CF098 /* Debug */ = {
			isa = XCBuildConfiguration;
			baseConfigurationReference = C12BEB15EEDCBC7EF0F41F03 /* Pods-The Umpire.debug.xcconfig */;
			buildSettings = {
				ALWAYS_EMBED_SWIFT_STANDARD_LIBRARIES = YES;
				ASSETCATALOG_COMPILER_APPICON_NAME = AppIcon;
				CODE_SIGN_ENTITLEMENTS = "The Umpire/The Umpire.entitlements";
				DEVELOPMENT_TEAM = 6E2D64GGFH;
				FRAMEWORK_SEARCH_PATHS = (
					"$(inherited)",
					"$(PROJECT_DIR)/build/Debug-iphoneos/AKPickerView-Swift",
				);
				INFOPLIST_FILE = "The Umpire/Info.plist";
				IPHONEOS_DEPLOYMENT_TARGET = 10.2;
				LD_RUNPATH_SEARCH_PATHS = "$(inherited) @executable_path/Frameworks";
				PRODUCT_BUNDLE_IDENTIFIER = "io.pinetreestudios.branson.The-Umpire";
				PRODUCT_NAME = "$(TARGET_NAME)";
				SWIFT_VERSION = 3.0;
				TARGETED_DEVICE_FAMILY = "1,2";
			};
			name = Debug;
		};
		DBEBF7BA1DF0BAC0003CF098 /* Release */ = {
			isa = XCBuildConfiguration;
			baseConfigurationReference = D91756FFDB31F893DC540CC0 /* Pods-The Umpire.release.xcconfig */;
			buildSettings = {
				ALWAYS_EMBED_SWIFT_STANDARD_LIBRARIES = YES;
				ASSETCATALOG_COMPILER_APPICON_NAME = AppIcon;
				CODE_SIGN_ENTITLEMENTS = "The Umpire/The Umpire.entitlements";
				DEVELOPMENT_TEAM = 6E2D64GGFH;
				FRAMEWORK_SEARCH_PATHS = (
					"$(inherited)",
					"$(PROJECT_DIR)/build/Debug-iphoneos/AKPickerView-Swift",
				);
				INFOPLIST_FILE = "The Umpire/Info.plist";
				IPHONEOS_DEPLOYMENT_TARGET = 10.2;
				LD_RUNPATH_SEARCH_PATHS = "$(inherited) @executable_path/Frameworks";
				PRODUCT_BUNDLE_IDENTIFIER = "io.pinetreestudios.branson.The-Umpire";
				PRODUCT_NAME = "$(TARGET_NAME)";
				SWIFT_VERSION = 3.0;
				TARGETED_DEVICE_FAMILY = "1,2";
			};
			name = Release;
		};
		DBEBF7BC1DF0BAC0003CF098 /* Debug */ = {
			isa = XCBuildConfiguration;
			baseConfigurationReference = BB44F84B0241A22A1F7DB700 /* Pods-The UmpireTests.debug.xcconfig */;
			buildSettings = {
				ALWAYS_EMBED_SWIFT_STANDARD_LIBRARIES = YES;
				BUNDLE_LOADER = "$(TEST_HOST)";
				DEVELOPMENT_TEAM = 6E2D64GGFH;
				INFOPLIST_FILE = "The UmpireTests/Info.plist";
				LD_RUNPATH_SEARCH_PATHS = "$(inherited) @executable_path/Frameworks @loader_path/Frameworks";
				PRODUCT_BUNDLE_IDENTIFIER = "io.pinetreestudios.branson.The-UmpireTests";
				PRODUCT_NAME = "$(TARGET_NAME)";
				SWIFT_VERSION = 3.0;
				TEST_HOST = "$(BUILT_PRODUCTS_DIR)/The Umpire.app/The Umpire";
			};
			name = Debug;
		};
		DBEBF7BD1DF0BAC0003CF098 /* Release */ = {
			isa = XCBuildConfiguration;
			baseConfigurationReference = D870A9C6D455A80697AA452C /* Pods-The UmpireTests.release.xcconfig */;
			buildSettings = {
				ALWAYS_EMBED_SWIFT_STANDARD_LIBRARIES = YES;
				BUNDLE_LOADER = "$(TEST_HOST)";
				DEVELOPMENT_TEAM = 6E2D64GGFH;
				INFOPLIST_FILE = "The UmpireTests/Info.plist";
				LD_RUNPATH_SEARCH_PATHS = "$(inherited) @executable_path/Frameworks @loader_path/Frameworks";
				PRODUCT_BUNDLE_IDENTIFIER = "io.pinetreestudios.branson.The-UmpireTests";
				PRODUCT_NAME = "$(TARGET_NAME)";
				SWIFT_VERSION = 3.0;
				TEST_HOST = "$(BUILT_PRODUCTS_DIR)/The Umpire.app/The Umpire";
			};
			name = Release;
		};
		DBEBF7BF1DF0BAC0003CF098 /* Debug */ = {
			isa = XCBuildConfiguration;
			baseConfigurationReference = BDC75F3928B0542DA7F5D050 /* Pods-The UmpireUITests.debug.xcconfig */;
			buildSettings = {
				ALWAYS_EMBED_SWIFT_STANDARD_LIBRARIES = YES;
				DEVELOPMENT_TEAM = 6E2D64GGFH;
				INFOPLIST_FILE = "The UmpireUITests/Info.plist";
				LD_RUNPATH_SEARCH_PATHS = "$(inherited) @executable_path/Frameworks @loader_path/Frameworks";
				PRODUCT_BUNDLE_IDENTIFIER = "io.pinetreestudios.branson.The-UmpireUITests";
				PRODUCT_NAME = "$(TARGET_NAME)";
				SWIFT_VERSION = 3.0;
				TEST_TARGET_NAME = "The Umpire";
			};
			name = Debug;
		};
		DBEBF7C01DF0BAC0003CF098 /* Release */ = {
			isa = XCBuildConfiguration;
			baseConfigurationReference = DDE3FC1121152D98E1315600 /* Pods-The UmpireUITests.release.xcconfig */;
			buildSettings = {
				ALWAYS_EMBED_SWIFT_STANDARD_LIBRARIES = YES;
				DEVELOPMENT_TEAM = 6E2D64GGFH;
				INFOPLIST_FILE = "The UmpireUITests/Info.plist";
				LD_RUNPATH_SEARCH_PATHS = "$(inherited) @executable_path/Frameworks @loader_path/Frameworks";
				PRODUCT_BUNDLE_IDENTIFIER = "io.pinetreestudios.branson.The-UmpireUITests";
				PRODUCT_NAME = "$(TARGET_NAME)";
				SWIFT_VERSION = 3.0;
				TEST_TARGET_NAME = "The Umpire";
			};
			name = Release;
		};
/* End XCBuildConfiguration section */

/* Begin XCConfigurationList section */
		DBEBF78B1DF0BAC0003CF098 /* Build configuration list for PBXProject "The Umpire" */ = {
			isa = XCConfigurationList;
			buildConfigurations = (
				DBEBF7B61DF0BAC0003CF098 /* Debug */,
				DBEBF7B71DF0BAC0003CF098 /* Release */,
			);
			defaultConfigurationIsVisible = 0;
			defaultConfigurationName = Release;
		};
		DBEBF7B81DF0BAC0003CF098 /* Build configuration list for PBXNativeTarget "The Umpire" */ = {
			isa = XCConfigurationList;
			buildConfigurations = (
				DBEBF7B91DF0BAC0003CF098 /* Debug */,
				DBEBF7BA1DF0BAC0003CF098 /* Release */,
			);
			defaultConfigurationIsVisible = 0;
			defaultConfigurationName = Release;
		};
		DBEBF7BB1DF0BAC0003CF098 /* Build configuration list for PBXNativeTarget "The UmpireTests" */ = {
			isa = XCConfigurationList;
			buildConfigurations = (
				DBEBF7BC1DF0BAC0003CF098 /* Debug */,
				DBEBF7BD1DF0BAC0003CF098 /* Release */,
			);
			defaultConfigurationIsVisible = 0;
			defaultConfigurationName = Release;
		};
		DBEBF7BE1DF0BAC0003CF098 /* Build configuration list for PBXNativeTarget "The UmpireUITests" */ = {
			isa = XCConfigurationList;
			buildConfigurations = (
				DBEBF7BF1DF0BAC0003CF098 /* Debug */,
				DBEBF7C01DF0BAC0003CF098 /* Release */,
			);
			defaultConfigurationIsVisible = 0;
			defaultConfigurationName = Release;
		};
/* End XCConfigurationList section */
	};
	rootObject = DBEBF7881DF0BAC0003CF098 /* Project object */;
}
